<?xml version="1.0" encoding="utf-8"?>
<Project ToolsVersion="4.0" xmlns="http://schemas.microsoft.com/developer/msbuild/2003">
  <ItemGroup>
    <Filter Include="99. Etc">
      <UniqueIdentifier>{6cc588c9-a5c4-4816-b509-ff513b368d9f}</UniqueIdentifier>
    </Filter>
    <Filter Include="99. Etc\pch">
      <UniqueIdentifier>{27717a44-877d-430e-9fd1-0a45220e475c}</UniqueIdentifier>
    </Filter>
    <Filter Include="98. Utility">
      <UniqueIdentifier>{3a654f85-e43a-473f-8f10-d755e8b3cbb5}</UniqueIdentifier>
    </Filter>
    <Filter Include="98. Utility\Singleton">
      <UniqueIdentifier>{1eaf47b0-8e2b-47cf-93dd-56dc07cb1d20}</UniqueIdentifier>
    </Filter>
    <Filter Include="99. Etc\Etc">
      <UniqueIdentifier>{adecc53d-cae9-4bcd-a7f8-7489405b5bc6}</UniqueIdentifier>
    </Filter>
    <Filter Include="02. Resources">
      <UniqueIdentifier>{1f095fe2-6c5d-4e7f-b47f-aeff8a885634}</UniqueIdentifier>
    </Filter>
    <Filter Include="00. Engine">
      <UniqueIdentifier>{a9b24c0d-4604-435d-a801-4c82cec4d142}</UniqueIdentifier>
    </Filter>
    <Filter Include="02. Resources\01. Material">
      <UniqueIdentifier>{820ceff3-8e7f-467b-a6de-5e77fb06de3e}</UniqueIdentifier>
    </Filter>
    <Filter Include="02. Resources\02. Texture">
      <UniqueIdentifier>{f6985e92-9a27-4829-8390-8728ed6e13ae}</UniqueIdentifier>
    </Filter>
    <Filter Include="02. Resources\03. Shader">
      <UniqueIdentifier>{e5e8e15e-eae5-433e-b70a-53a96d0003ec}</UniqueIdentifier>
    </Filter>
    <Filter Include="02. Resources\04. CBuffer">
      <UniqueIdentifier>{111a4953-0ed2-43fc-a20b-02b943713707}</UniqueIdentifier>
    </Filter>
    <Filter Include="00. Engine\00. GameInstance">
      <UniqueIdentifier>{81cc572b-b554-4cbb-9da4-45fb35138936}</UniqueIdentifier>
    </Filter>
    <Filter Include="00. Engine\01. Device">
      <UniqueIdentifier>{6570d520-af07-4dde-b272-a8d637f85028}</UniqueIdentifier>
    </Filter>
    <Filter Include="00. Engine\02. Timers">
      <UniqueIdentifier>{9352e726-b54b-43a7-b9de-5ee4d4ff5ef3}</UniqueIdentifier>
    </Filter>
    <Filter Include="00. Engine\02. Timers\Timer">
      <UniqueIdentifier>{48c3790d-cf1f-4abf-9bab-a0cfef91beb8}</UniqueIdentifier>
    </Filter>
    <Filter Include="00. Engine\02. Timers\TimeMgr">
      <UniqueIdentifier>{ae149125-e543-448d-98b3-594c67fbb1e3}</UniqueIdentifier>
    </Filter>
    <Filter Include="00. Engine\03. InputMgr">
      <UniqueIdentifier>{1792b6ba-03af-4b08-b301-f8a36635b8ca}</UniqueIdentifier>
    </Filter>
    <Filter Include="00. Engine\04. ImGui">
      <UniqueIdentifier>{64a14456-749c-4007-b6f9-ab4833f7caa5}</UniqueIdentifier>
    </Filter>
    <Filter Include="00. Engine\04. ImGui\Imgui">
      <UniqueIdentifier>{4f5a86d6-9b23-476a-b748-235257c54199}</UniqueIdentifier>
    </Filter>
    <Filter Include="00. Engine\04. ImGui\GuiPanel">
      <UniqueIdentifier>{a4bf45ad-7863-403b-9494-d1d95728ea91}</UniqueIdentifier>
    </Filter>
    <Filter Include="00. Engine\04. ImGui\HierachyPanel">
      <UniqueIdentifier>{c94495e6-0e88-41d8-a79d-7fbe2b551470}</UniqueIdentifier>
    </Filter>
    <Filter Include="00. Engine\04. ImGui\InspectorPanel">
      <UniqueIdentifier>{2ef50122-5bb5-4681-a3da-49a86bffcce1}</UniqueIdentifier>
    </Filter>
    <Filter Include="00. Engine\04. ImGui\FpsPanel">
      <UniqueIdentifier>{838b0fc4-12c2-4c5a-aefd-c722ef51d2be}</UniqueIdentifier>
    </Filter>
    <Filter Include="00. Engine\04. ImGui\GuiMgr">
      <UniqueIdentifier>{4388f84d-e79c-4304-819f-3b0608024644}</UniqueIdentifier>
    </Filter>
    <Filter Include="02. Resources\05. Model">
      <UniqueIdentifier>{9e99a55b-d785-48e6-986b-dbdb3d39116e}</UniqueIdentifier>
    </Filter>
    <Filter Include="02. Resources\97. PathMgr">
      <UniqueIdentifier>{9fe6374c-ba6f-47a0-8027-8e344a20e63a}</UniqueIdentifier>
    </Filter>
    <Filter Include="02. Resources\06. Bone">
      <UniqueIdentifier>{8cbcb224-3748-4fcb-8940-6b61014fe3c4}</UniqueIdentifier>
    </Filter>
    <Filter Include="02. Resources\07. Skeleton">
      <UniqueIdentifier>{a6c0a0a0-100d-4f62-8931-fa9f65dbc0a3}</UniqueIdentifier>
    </Filter>
    <Filter Include="03. EntitySystem">
      <UniqueIdentifier>{34bec56e-59d8-4486-9881-061f4941fa68}</UniqueIdentifier>
    </Filter>
    <Filter Include="03. EntitySystem\00. Transform">
      <UniqueIdentifier>{0539aa15-d477-42cc-8f98-65e58581a900}</UniqueIdentifier>
    </Filter>
    <Filter Include="03. EntitySystem\00. Transform\TransformSystem">
      <UniqueIdentifier>{766cb35a-f1a3-445c-81a3-0971a115e155}</UniqueIdentifier>
    </Filter>
    <Filter Include="03. EntitySystem\03. Camera">
      <UniqueIdentifier>{1e6c40ed-a13b-4a29-a109-938a46b22a8c}</UniqueIdentifier>
    </Filter>
    <Filter Include="03. EntitySystem\03. Camera\00. CameraSystem">
      <UniqueIdentifier>{2724a764-f34a-453f-bdd4-d914febb60f1}</UniqueIdentifier>
    </Filter>
    <Filter Include="03. EntitySystem\03. Camera\01. FreeCamSystem">
      <UniqueIdentifier>{63bcab1e-63cb-43f0-a717-01f9888bd327}</UniqueIdentifier>
    </Filter>
    <Filter Include="03. EntitySystem\01. Animator">
      <UniqueIdentifier>{2ee37ba1-b3f8-4a5a-8c60-0429aea376e0}</UniqueIdentifier>
    </Filter>
    <Filter Include="03. EntitySystem\01. Animator\01. FaceSystem">
      <UniqueIdentifier>{811599dc-667d-49df-b973-9e1f2b68b8a1}</UniqueIdentifier>
    </Filter>
    <Filter Include="03. EntitySystem\01. Animator\00. AnimatorSystem">
      <UniqueIdentifier>{1e0147a8-ab95-4d37-a31f-cb8330b47819}</UniqueIdentifier>
    </Filter>
    <Filter Include="03. EntitySystem\01. Animator\02. MouthSystem">
      <UniqueIdentifier>{5999657d-3dc2-41ab-a3c3-c8368272fa41}</UniqueIdentifier>
    </Filter>
    <Filter Include="03. EntitySystem\02. Socket">
      <UniqueIdentifier>{f3dab371-475c-4908-b586-fb8e1d030bee}</UniqueIdentifier>
    </Filter>
    <Filter Include="03. EntitySystem\05. Model">
      <UniqueIdentifier>{1fd604b4-7c89-4568-b441-e77bb77ba958}</UniqueIdentifier>
    </Filter>
    <Filter Include="03. EntitySystem\04. Light">
      <UniqueIdentifier>{65985454-abbd-47fa-bb04-48ed722b9a86}</UniqueIdentifier>
    </Filter>
    <Filter Include="03. EntitySystem\06. Layer">
      <UniqueIdentifier>{a61a664e-59bc-4674-bf3a-92b433026c5a}</UniqueIdentifier>
    </Filter>
    <Filter Include="02. Resources\01. Mesh">
      <UniqueIdentifier>{9417051a-6b0b-4b2d-9c26-6fba5bc8b45d}</UniqueIdentifier>
    </Filter>
    <Filter Include="03. EntitySystem\07. Grid">
      <UniqueIdentifier>{a33dddd6-d50a-4b2f-94b5-60e331ebaf84}</UniqueIdentifier>
    </Filter>
    <Filter Include="03. EntitySystem\08. Picking">
      <UniqueIdentifier>{67fb9a2e-6039-4cbc-a8de-dd26abfd5040}</UniqueIdentifier>
    </Filter>
    <Filter Include="98. Utility\00. Utility">
      <UniqueIdentifier>{278eec6f-e7bf-4dca-a7ef-98e890ded1ca}</UniqueIdentifier>
    </Filter>
    <Filter Include="98. Utility\01. GuiUtility">
      <UniqueIdentifier>{bce1def8-8877-40a7-989a-9a336084e8c9}</UniqueIdentifier>
    </Filter>
    <Filter Include="03. EntitySystem\09. SelectionSystem">
      <UniqueIdentifier>{e88d926c-df40-417e-b41a-94cff58376dd}</UniqueIdentifier>
    </Filter>
    <Filter Include="98. Utility\02. GpuUtil">
      <UniqueIdentifier>{e3b86b89-a39b-40de-85e3-efdfcf08fca7}</UniqueIdentifier>
    </Filter>
    <Filter Include="03. EntitySystem\10. CollisionSystem">
      <UniqueIdentifier>{85e9ac7b-8221-4e42-8335-427959fa47bc}</UniqueIdentifier>
    </Filter>
    <Filter Include="03. EntitySystem\99. RenderSystem">
      <UniqueIdentifier>{80187c98-783d-4ae8-bc03-dd68d2950d64}</UniqueIdentifier>
    </Filter>
    <Filter Include="03. EntitySystem\99. RenderSystem\01. RenderSystem">
      <UniqueIdentifier>{8d43fe15-cdf1-4e77-a294-0ea1007ee2bb}</UniqueIdentifier>
    </Filter>
    <Filter Include="03. EntitySystem\99. RenderSystem\00. RenderData">
      <UniqueIdentifier>{ac9afec6-6609-4de1-8294-aaf9b5f57a04}</UniqueIdentifier>
    </Filter>
    <Filter Include="03. EntitySystem\99. RenderSystem\02. Renderer">
      <UniqueIdentifier>{19cbcfc7-0e47-4e9a-8032-2543e869cd91}</UniqueIdentifier>
    </Filter>
    <Filter Include="98. Utility\03. MathUtil">
      <UniqueIdentifier>{88609cf6-5742-4bb6-a234-8ad8c8b68130}</UniqueIdentifier>
    </Filter>
    <Filter Include="03. EntitySystem\11. HighlightSystem">
      <UniqueIdentifier>{1cdb0bc3-24f5-4438-af03-370d467d2974}</UniqueIdentifier>
    </Filter>
    <Filter Include="98. Utility\04. JsonUtil">
      <UniqueIdentifier>{d34724b6-64ef-4474-b7f8-dade3898ea2c}</UniqueIdentifier>
    </Filter>
    <Filter Include="98. Utility\05. BinaryUtil">
      <UniqueIdentifier>{c902b48b-d56c-4ca6-8a09-564e9efae324}</UniqueIdentifier>
    </Filter>
    <Filter Include="04. IntentPipeLine">
      <UniqueIdentifier>{71ab6621-b128-4503-ae17-e2f99f008ad8}</UniqueIdentifier>
    </Filter>
    <Filter Include="04. IntentPipeLine\01. InputGate">
      <UniqueIdentifier>{38a7623d-c0c3-4700-a20f-2e8d984cbb36}</UniqueIdentifier>
    </Filter>
    <Filter Include="04. IntentPipeLine\02. IntentCollector">
      <UniqueIdentifier>{90ca5423-73f2-438d-9257-efe012f3644a}</UniqueIdentifier>
    </Filter>
    <Filter Include="04. IntentPipeLine\03. IntentMerger">
      <UniqueIdentifier>{4ea93eff-4c27-40a9-a558-a8e7407cc6df}</UniqueIdentifier>
    </Filter>
    <Filter Include="04. IntentPipeLine\00. InputService">
      <UniqueIdentifier>{62dd2d84-30a8-4de8-bf19-ddb41d97c47c}</UniqueIdentifier>
    </Filter>
    <Filter Include="03. EntitySystem\10. CollisionSystem\00. CollisionSystem">
      <UniqueIdentifier>{874db5a7-e1fc-4715-9ed5-5cbb72e8d0b8}</UniqueIdentifier>
    </Filter>
    <Filter Include="03. EntitySystem\10. CollisionSystem\01. MeshColliderSystem">
      <UniqueIdentifier>{e08f1d4c-918e-4f7c-9461-f164dde8b921}</UniqueIdentifier>
    </Filter>
    <Filter Include="03. EntitySystem\14. SkyboxSystem">
      <UniqueIdentifier>{6b9e2a75-fe76-4a0e-87cf-e41a95da9f02}</UniqueIdentifier>
    </Filter>
    <Filter Include="100.. ShaderFiles">
      <UniqueIdentifier>{2e7b3315-952b-410f-890b-1cb62b68a5eb}</UniqueIdentifier>
    </Filter>
    <Filter Include="03. EntitySystem\15. NavMeshSystem">
      <UniqueIdentifier>{1b92d09a-7a82-423b-a24f-da6881ffd754}</UniqueIdentifier>
    </Filter>
    <Filter Include="01. Utility">
      <UniqueIdentifier>{496ca546-8bb0-4eda-844d-6edfa38c590b}</UniqueIdentifier>
    </Filter>
    <Filter Include="01. Utility\00. Levels">
      <UniqueIdentifier>{6ba4401d-4246-4c9f-88e0-bcba5704ad49}</UniqueIdentifier>
    </Filter>
    <Filter Include="01. Utility\00. Levels\Level">
      <UniqueIdentifier>{614a454a-1a5d-43e3-8047-d8535f3344da}</UniqueIdentifier>
    </Filter>
    <Filter Include="01. Utility\00. Levels\LevelMgr">
      <UniqueIdentifier>{a498c635-b36b-4fac-ae7a-016f53ca0522}</UniqueIdentifier>
    </Filter>
    <Filter Include="01. Utility\01. EntityMgr">
      <UniqueIdentifier>{0934c0ab-fab4-4865-bbda-7c2b08f5a109}</UniqueIdentifier>
    </Filter>
    <Filter Include="01. Utility\02. EntitySpawner">
      <UniqueIdentifier>{ee0a9533-c49b-498b-ab59-fc1ce41dd7e9}</UniqueIdentifier>
    </Filter>
    <Filter Include="01. Utility\03. TagSystem">
      <UniqueIdentifier>{0a356cce-6692-4400-81b2-077ae4f1ac07}</UniqueIdentifier>
    </Filter>
    <Filter Include="01. Utility\99. Interface">
      <UniqueIdentifier>{4bb76d0d-40b8-4e0f-9f99-5bd4798c822a}</UniqueIdentifier>
    </Filter>
    <Filter Include="01. Utility\98. InputLayout">
      <UniqueIdentifier>{5e05cf96-c0ce-4e1e-b2f3-c544acaadb95}</UniqueIdentifier>
    </Filter>
    <Filter Include="01. Utility\04. WorldSerializer">
      <UniqueIdentifier>{c0b8825c-642e-4bf7-8132-4a3bfc309755}</UniqueIdentifier>
    </Filter>
    <Filter Include="03. EntitySystem\03. Camera\02. OribitCamSystem">
      <UniqueIdentifier>{de359756-9ed2-4b31-a843-5458e3e54cfc}</UniqueIdentifier>
    </Filter>
    <Filter Include="100.. ShaderFiles\01. HS">
      <UniqueIdentifier>{d077f3f8-bc8f-4d0a-838b-453675f80368}</UniqueIdentifier>
    </Filter>
    <Filter Include="100.. ShaderFiles\02. DS">
      <UniqueIdentifier>{7b449bcc-8967-43e1-9505-2717bd7162be}</UniqueIdentifier>
    </Filter>
    <Filter Include="100.. ShaderFiles\03. PS">
      <UniqueIdentifier>{0b543659-d9c2-483e-8921-c84aeff4b6b5}</UniqueIdentifier>
    </Filter>
    <Filter Include="100.. ShaderFiles\00. VS">
      <UniqueIdentifier>{7235c739-6d96-4b23-98c8-7b3767fa7237}</UniqueIdentifier>
    </Filter>
    <Filter Include="05. Battle">
      <UniqueIdentifier>{94fab636-3625-475f-aae3-a9ed57ceba27}</UniqueIdentifier>
    </Filter>
    <Filter Include="05. Battle\02. BattleControllerSystem">
      <UniqueIdentifier>{4f7f633b-a7db-449c-9fe0-11eccff3162b}</UniqueIdentifier>
    </Filter>
    <Filter Include="05. Battle\01. BattleIntroSystem">
      <UniqueIdentifier>{653b0593-47b4-4d7c-882b-d0af1f6fc34f}</UniqueIdentifier>
    </Filter>
    <Filter Include="04. IntentPipeLine\05. MovementSystem">
      <UniqueIdentifier>{f43c0ca9-ba47-417d-8e85-af27413ecc2e}</UniqueIdentifier>
    </Filter>
    <Filter Include="04. IntentPipeLine\05. MovementSystem\00. MoveStateSystem">
      <UniqueIdentifier>{856890af-80d5-446b-ab91-973555141190}</UniqueIdentifier>
    </Filter>
    <Filter Include="04. IntentPipeLine\05. MovementSystem\01. MoveProfileSystem">
      <UniqueIdentifier>{7356b3a7-4a5a-4414-ba92-e7e5bc44cd83}</UniqueIdentifier>
    </Filter>
    <Filter Include="04. IntentPipeLine\05. MovementSystem\02. MoveIntentSystem">
      <UniqueIdentifier>{5e7ef039-3d72-409f-8d74-0e5f57a84270}</UniqueIdentifier>
    </Filter>
    <Filter Include="04. IntentPipeLine\05. MovementSystem\03. JumpSystem">
      <UniqueIdentifier>{0be14206-eca4-4577-804a-3821419a9311}</UniqueIdentifier>
    </Filter>
    <Filter Include="04. IntentPipeLine\06. FieldAnimSystem">
      <UniqueIdentifier>{74836bb8-7810-47b8-9c53-3f306b871361}</UniqueIdentifier>
    </Filter>
    <Filter Include="04. IntentPipeLine\07. FacingSystem">
      <UniqueIdentifier>{a81cbf3c-ceaa-40a9-9b5b-146b6d7e427c}</UniqueIdentifier>
    </Filter>
    <Filter Include="04. IntentPipeLine\07. FacingSystem\00. FacingSystem">
      <UniqueIdentifier>{ea77e1b7-f334-467f-ab15-6005650a8bb6}</UniqueIdentifier>
    </Filter>
    <Filter Include="04. IntentPipeLine\07. FacingSystem\01. FacingBlockService">
      <UniqueIdentifier>{00a477cc-a758-4348-800c-f5b7bc75aa3a}</UniqueIdentifier>
    </Filter>
    <Filter Include="04. IntentPipeLine\07. FacingSystem\02. FacingForceSystem">
      <UniqueIdentifier>{a543d051-a3d8-42ea-aa3c-3b9b643cf9d9}</UniqueIdentifier>
    </Filter>
    <Filter Include="04. IntentPipeLine\08. FieldControllerSystem">
      <UniqueIdentifier>{ac8f7911-9c4a-4ac6-917d-0fb5a41d8281}</UniqueIdentifier>
    </Filter>
    <Filter Include="05. Battle\03. BattleSessionSystem">
      <UniqueIdentifier>{d634bc1d-35f1-4b56-918b-a036c15bb546}</UniqueIdentifier>
    </Filter>
    <Filter Include="05. Battle\04. BattleTimelineSystem">
      <UniqueIdentifier>{aff3fab0-40c2-4033-85a6-625c41aed2b8}</UniqueIdentifier>
    </Filter>
    <Filter Include="05. Battle\06. BattleAIController">
      <UniqueIdentifier>{da4ed136-b5a3-4dd2-898e-835a6c235e2e}</UniqueIdentifier>
    </Filter>
    <Filter Include="05. Battle\05. BattleExecutionSystem">
      <UniqueIdentifier>{24d05f91-8319-433c-a7c0-acd29b968682}</UniqueIdentifier>
    </Filter>
    <Filter Include="06. GameMode">
      <UniqueIdentifier>{d8e92a86-54be-4227-88c6-781c0c51017b}</UniqueIdentifier>
    </Filter>
    <Filter Include="06. GameMode\02. BattleOrchestraSystem">
      <UniqueIdentifier>{d1b4d781-421a-4aaa-a981-24db6be462f1}</UniqueIdentifier>
    </Filter>
    <Filter Include="06. GameMode\01. FieldOrchestraSystem">
      <UniqueIdentifier>{5fde460a-32fc-43fe-924b-45b8c2ff7478}</UniqueIdentifier>
    </Filter>
    <Filter Include="06. GameMode\00. GameModeDirectorSystem">
      <UniqueIdentifier>{c314950c-1af4-4585-8120-e5bc5441a320}</UniqueIdentifier>
    </Filter>
    <Filter Include="05. Battle\00. BattleEventBus">
      <UniqueIdentifier>{0b2c4d58-f3f1-48e4-8a3b-76b4675adc12}</UniqueIdentifier>
    </Filter>
    <Filter Include="07. DataSystem">
      <UniqueIdentifier>{e6225a8e-3d71-4379-9d13-571e53cb4b15}</UniqueIdentifier>
    </Filter>
    <Filter Include="07. DataSystem\00. Asset">
      <UniqueIdentifier>{04715722-b9d2-4929-8c1d-57c0770df6f0}</UniqueIdentifier>
    </Filter>
    <Filter Include="07. DataSystem\01. CharacterDataSystem">
      <UniqueIdentifier>{87486a52-9232-481c-849b-34aaf0d0c05d}</UniqueIdentifier>
    </Filter>
    <Filter Include="07. DataSystem\03. ActionAnimRegistry">
      <UniqueIdentifier>{b5c2c75e-eef8-42fc-bc83-412002a03fd4}</UniqueIdentifier>
    </Filter>
    <Filter Include="07. DataSystem\02. AnimDataSystem">
      <UniqueIdentifier>{45653875-c433-46f0-8b2e-2459674ea6be}</UniqueIdentifier>
    </Filter>
    <Filter Include="08. UI">
      <UniqueIdentifier>{cb1ccfd6-cc4c-4b85-b355-03b7862033fe}</UniqueIdentifier>
    </Filter>
    <Filter Include="08. UI\00. UISystem">
      <UniqueIdentifier>{56dca34a-2df1-4837-bf30-ca03b6a2851a}</UniqueIdentifier>
    </Filter>
    <Filter Include="08. UI\01. UIMesh">
      <UniqueIdentifier>{883f53a3-c8b9-4de7-ba3e-538d038fb99d}</UniqueIdentifier>
    </Filter>
    <Filter Include="08. UI\02. UIRegistry">
      <UniqueIdentifier>{c7ace1e7-8d59-48e2-a8cf-aaa9084ed0da}</UniqueIdentifier>
    </Filter>
    <Filter Include="06. GameMode\03. FieldUIOrchestrator">
      <UniqueIdentifier>{0c26a679-bde7-43cf-851b-797984e1c8fc}</UniqueIdentifier>
    </Filter>
    <Filter Include="06. GameMode\04. BattleUIOrchestrator">
      <UniqueIdentifier>{f265d902-b04b-47ef-ae6f-f23b2651414f}</UniqueIdentifier>
    </Filter>
    <Filter Include="08. UI\03. UIAnimSystem">
      <UniqueIdentifier>{a8f1f88e-75aa-4b10-ba19-8435e91e90bf}</UniqueIdentifier>
    </Filter>
    <Filter Include="08. UI\04. SlotUIPresenter">
      <UniqueIdentifier>{baa10096-736b-4249-be69-00a23f5a8f90}</UniqueIdentifier>
    </Filter>
  </ItemGroup>
  <ItemGroup>
    <ClInclude Include="..\public\Singleton.h">
      <Filter>98. Utility\Singleton</Filter>
    </ClInclude>
    <ClInclude Include="..\public\GameInstance.h">
      <Filter>00. Engine\00. GameInstance</Filter>
    </ClInclude>
    <ClInclude Include="..\public\Enginepch.h">
      <Filter>99. Etc\pch</Filter>
    </ClInclude>
    <ClInclude Include="..\public\Timer.h">
      <Filter>00. Engine\02. Timers\Timer</Filter>
    </ClInclude>
    <ClInclude Include="..\public\Device.h">
      <Filter>00. Engine\01. Device</Filter>
    </ClInclude>
    <ClInclude Include="..\public\Engine_Enum.h">
      <Filter>99. Etc\Etc</Filter>
    </ClInclude>
    <ClInclude Include="..\public\Engine_Macro.h">
      <Filter>99. Etc\Etc</Filter>
    </ClInclude>
    <ClInclude Include="..\public\Engine_Struct.h">
      <Filter>99. Etc\Etc</Filter>
    </ClInclude>
    <ClInclude Include="..\public\Level.h">
      <Filter>01. Utility\00. Levels\Level</Filter>
    </ClInclude>
    <ClInclude Include="..\public\InputMgr.h">
      <Filter>00. Engine\03. InputMgr</Filter>
    </ClInclude>
    <ClInclude Include="..\public\TransformData.h">
      <Filter>03. EntitySystem\00. Transform</Filter>
    </ClInclude>
    <ClInclude Include="..\public\Renderer.h">
      <Filter>03. EntitySystem\99. RenderSystem\02. Renderer</Filter>
    </ClInclude>
    <ClInclude Include="..\public\Shader.h">
      <Filter>02. Resources\03. Shader</Filter>
    </ClInclude>
    <ClInclude Include="..\public\Material.h">
      <Filter>02. Resources\01. Material</Filter>
    </ClInclude>
    <ClInclude Include="..\public\Texture.h">
      <Filter>02. Resources\02. Texture</Filter>
    </ClInclude>
    <ClInclude Include="..\public\CBuffer.h">
      <Filter>02. Resources\04. CBuffer</Filter>
    </ClInclude>
    <ClInclude Include="..\public\Engine_InputLayout.h">
      <Filter>99. Etc\Etc</Filter>
    </ClInclude>
    <ClInclude Include="..\public\Engine_Typedef.h">
      <Filter>99. Etc\Etc</Filter>
    </ClInclude>
    <ClInclude Include="..\public\GuiPanel.h">
      <Filter>00. Engine\04. ImGui\GuiPanel</Filter>
    </ClInclude>
    <ClInclude Include="..\public\HierachyPanel.h">
      <Filter>00. Engine\04. ImGui\HierachyPanel</Filter>
    </ClInclude>
    <ClInclude Include="..\public\InspectorPanel.h">
      <Filter>00. Engine\04. ImGui\InspectorPanel</Filter>
    </ClInclude>
    <ClInclude Include="..\public\FpsPanel.h">
      <Filter>00. Engine\04. ImGui\FpsPanel</Filter>
    </ClInclude>
    <ClInclude Include="..\public\Engine_Colors.h">
      <Filter>99. Etc\Etc</Filter>
    </ClInclude>
    <ClInclude Include="..\public\GuiMgr.h">
      <Filter>00. Engine\04. ImGui\GuiMgr</Filter>
    </ClInclude>
    <ClInclude Include="..\public\LevelMgr.h">
      <Filter>01. Utility\00. Levels\LevelMgr</Filter>
    </ClInclude>
    <ClInclude Include="..\public\TimeMgr.h">
      <Filter>00. Engine\02. Timers\TimeMgr</Filter>
    </ClInclude>
    <ClInclude Include="..\public\Mesh.h">
      <Filter>02. Resources\01. Mesh</Filter>
    </ClInclude>
    <ClInclude Include="..\public\Model.h">
      <Filter>02. Resources\05. Model</Filter>
    </ClInclude>
    <ClInclude Include="..\public\PathMgr.h">
      <Filter>02. Resources\97. PathMgr</Filter>
    </ClInclude>
    <ClInclude Include="resource.h" />
    <ClInclude Include="..\public\Skeleton.h">
      <Filter>02. Resources\07. Skeleton</Filter>
    </ClInclude>
    <ClInclude Include="..\public\Bone.h">
      <Filter>02. Resources\06. Bone</Filter>
    </ClInclude>
    <ClInclude Include="..\public\imgui.h">
      <Filter>00. Engine\04. ImGui\Imgui</Filter>
    </ClInclude>
    <ClInclude Include="..\public\imconfig.h">
      <Filter>00. Engine\04. ImGui\Imgui</Filter>
    </ClInclude>
    <ClInclude Include="..\public\imgui_impl_win32.h">
      <Filter>00. Engine\04. ImGui\Imgui</Filter>
    </ClInclude>
    <ClInclude Include="..\public\imgui_impl_dx11.h">
      <Filter>00. Engine\04. ImGui\Imgui</Filter>
    </ClInclude>
    <ClInclude Include="..\public\imgui_internal.h">
      <Filter>00. Engine\04. ImGui\Imgui</Filter>
    </ClInclude>
    <ClInclude Include="..\public\imstb_rectpack.h">
      <Filter>00. Engine\04. ImGui\Imgui</Filter>
    </ClInclude>
    <ClInclude Include="..\public\imstb_textedit.h">
      <Filter>00. Engine\04. ImGui\Imgui</Filter>
    </ClInclude>
    <ClInclude Include="..\public\imstb_truetype.h">
      <Filter>00. Engine\04. ImGui\Imgui</Filter>
    </ClInclude>
    <ClInclude Include="..\public\ImGuiPrettyTheme.h">
      <Filter>00. Engine\04. ImGui\GuiMgr</Filter>
    </ClInclude>
    <ClInclude Include="..\public\DeviceOptions.h">
      <Filter>00. Engine\01. Device</Filter>
    </ClInclude>
    <ClInclude Include="..\public\InputUtil.h">
      <Filter>00. Engine\03. InputMgr</Filter>
    </ClInclude>
    <ClInclude Include="..\public\Entity.h">
      <Filter>01. Utility</Filter>
    </ClInclude>
    <ClInclude Include="..\public\TransformSystem.h">
      <Filter>03. EntitySystem\00. Transform\TransformSystem</Filter>
    </ClInclude>
    <ClInclude Include="..\public\SystemRegistry.h">
      <Filter>01. Utility</Filter>
    </ClInclude>
    <ClInclude Include="..\public\AnimatorSystem.h">
      <Filter>03. EntitySystem\01. Animator\00. AnimatorSystem</Filter>
    </ClInclude>
    <ClInclude Include="..\public\MouthSystem.h">
      <Filter>03. EntitySystem\01. Animator\02. MouthSystem</Filter>
    </ClInclude>
    <ClInclude Include="..\public\MouthData.h">
      <Filter>03. EntitySystem\01. Animator\02. MouthSystem</Filter>
    </ClInclude>
    <ClInclude Include="..\public\AnimData.h">
      <Filter>03. EntitySystem\01. Animator\00. AnimatorSystem</Filter>
    </ClInclude>
    <ClInclude Include="..\public\FaceData.h">
      <Filter>03. EntitySystem\01. Animator\01. FaceSystem</Filter>
    </ClInclude>
    <ClInclude Include="..\public\FaceSystem.h">
      <Filter>03. EntitySystem\01. Animator\01. FaceSystem</Filter>
    </ClInclude>
    <ClInclude Include="..\public\SocketData.h">
      <Filter>03. EntitySystem\02. Socket</Filter>
    </ClInclude>
    <ClInclude Include="..\public\SocketSystem.h">
      <Filter>03. EntitySystem\02. Socket</Filter>
    </ClInclude>
    <ClInclude Include="..\public\CameraData.h">
      <Filter>03. EntitySystem\03. Camera\00. CameraSystem</Filter>
    </ClInclude>
    <ClInclude Include="..\public\CameraSystem.h">
      <Filter>03. EntitySystem\03. Camera\00. CameraSystem</Filter>
    </ClInclude>
    <ClInclude Include="..\public\FreeCamData.h">
      <Filter>03. EntitySystem\03. Camera\01. FreeCamSystem</Filter>
    </ClInclude>
    <ClInclude Include="..\public\FreeCamSystem.h">
      <Filter>03. EntitySystem\03. Camera\01. FreeCamSystem</Filter>
    </ClInclude>
    <ClInclude Include="..\public\LightData.h">
      <Filter>03. EntitySystem\04. Light</Filter>
    </ClInclude>
    <ClInclude Include="..\public\LightSystem.h">
      <Filter>03. EntitySystem\04. Light</Filter>
    </ClInclude>
    <ClInclude Include="..\public\ModelData.h">
      <Filter>03. EntitySystem\05. Model</Filter>
    </ClInclude>
    <ClInclude Include="..\public\ModelSystem.h">
      <Filter>03. EntitySystem\05. Model</Filter>
    </ClInclude>
    <ClInclude Include="..\public\LayerData.h">
      <Filter>03. EntitySystem\06. Layer</Filter>
    </ClInclude>
    <ClInclude Include="..\public\LayerSystem.h">
      <Filter>03. EntitySystem\06. Layer</Filter>
    </ClInclude>
    <ClInclude Include="..\public\EntitySystem.h">
      <Filter>01. Utility</Filter>
    </ClInclude>
    <ClInclude Include="..\public\EntityMgr.h">
      <Filter>01. Utility\01. EntityMgr</Filter>
    </ClInclude>
    <ClInclude Include="..\public\LayerUtil.h">
      <Filter>03. EntitySystem\06. Layer</Filter>
    </ClInclude>
    <ClInclude Include="..\public\EntitySpawner.h">
      <Filter>01. Utility\02. EntitySpawner</Filter>
    </ClInclude>
    <ClInclude Include="..\public\EntityHandles.h">
      <Filter>01. Utility\02. EntitySpawner</Filter>
    </ClInclude>
    <ClInclude Include="..\public\TagSystem.h">
      <Filter>01. Utility\03. TagSystem</Filter>
    </ClInclude>
    <ClInclude Include="..\public\TagUtil.h">
      <Filter>01. Utility\03. TagSystem</Filter>
    </ClInclude>
    <ClInclude Include="..\public\TextureUtil.h">
      <Filter>02. Resources\02. Texture</Filter>
    </ClInclude>
    <ClInclude Include="..\public\ShaderUtil.h">
      <Filter>02. Resources\03. Shader</Filter>
    </ClInclude>
    <ClInclude Include="..\public\MaterialUtil.h">
      <Filter>02. Resources\01. Material</Filter>
    </ClInclude>
    <ClInclude Include="..\public\AssetCache.h">
      <Filter>07. DataSystem\00. Asset</Filter>
    </ClInclude>
    <ClInclude Include="..\public\AssetRegistry.h">
      <Filter>07. DataSystem\00. Asset</Filter>
    </ClInclude>
    <ClInclude Include="..\public\AssetSystem.h">
      <Filter>07. DataSystem\00. Asset</Filter>
    </ClInclude>
    <ClInclude Include="..\public\ModelUtil.h">
      <Filter>02. Resources\05. Model</Filter>
    </ClInclude>
    <ClInclude Include="..\public\InputLayoutBuilder.h">
      <Filter>01. Utility\98. InputLayout</Filter>
    </ClInclude>
    <ClInclude Include="..\public\InputLayoutUtil.h">
      <Filter>01. Utility\98. InputLayout</Filter>
    </ClInclude>
    <ClInclude Include="..\public\GridData.h">
      <Filter>03. EntitySystem\07. Grid</Filter>
    </ClInclude>
    <ClInclude Include="..\public\GridSystem.h">
      <Filter>03. EntitySystem\07. Grid</Filter>
    </ClInclude>
    <ClInclude Include="..\public\PickingData.h">
      <Filter>03. EntitySystem\08. Picking</Filter>
    </ClInclude>
    <ClInclude Include="..\public\PickingSystem.h">
      <Filter>03. EntitySystem\08. Picking</Filter>
    </ClInclude>
    <ClInclude Include="..\public\IGuiRenderable.h">
      <Filter>01. Utility\99. Interface</Filter>
    </ClInclude>
    <ClInclude Include="..\public\IOwnsEntities.h">
      <Filter>01. Utility\99. Interface</Filter>
    </ClInclude>
    <ClInclude Include="..\public\IReservable.h">
      <Filter>01. Utility\99. Interface</Filter>
    </ClInclude>
    <ClInclude Include="..\public\MeshUtil.h">
      <Filter>02. Resources\01. Mesh</Filter>
    </ClInclude>
    <ClInclude Include="..\public\GuiUtility.h">
      <Filter>98. Utility\01. GuiUtility</Filter>
    </ClInclude>
    <ClInclude Include="..\public\Utility.h">
      <Filter>98. Utility\00. Utility</Filter>
    </ClInclude>
    <ClInclude Include="..\public\GuiUtil.h">
      <Filter>98. Utility\01. GuiUtility</Filter>
    </ClInclude>
    <ClInclude Include="..\public\SelectionData.h">
      <Filter>03. EntitySystem\09. SelectionSystem</Filter>
    </ClInclude>
    <ClInclude Include="..\public\SelectionSystem.h">
      <Filter>03. EntitySystem\09. SelectionSystem</Filter>
    </ClInclude>
    <ClInclude Include="..\public\GpuUtil.h">
      <Filter>98. Utility\02. GpuUtil</Filter>
    </ClInclude>
    <ClInclude Include="..\public\RenderSystemData.h">
      <Filter>03. EntitySystem\99. RenderSystem\00. RenderData</Filter>
    </ClInclude>
    <ClInclude Include="..\public\RenderSystem.h">
      <Filter>03. EntitySystem\99. RenderSystem\01. RenderSystem</Filter>
    </ClInclude>
    <ClInclude Include="..\public\RenderProxies.h">
      <Filter>03. EntitySystem\99. RenderSystem\00. RenderData</Filter>
    </ClInclude>
    <ClInclude Include="..\public\RenderScene.h">
      <Filter>03. EntitySystem\99. RenderSystem\00. RenderData</Filter>
    </ClInclude>
    <ClInclude Include="..\public\HighlightData.h">
      <Filter>03. EntitySystem\11. HighlightSystem</Filter>
    </ClInclude>
    <ClInclude Include="..\public\HighlightSystem.h">
      <Filter>03. EntitySystem\11. HighlightSystem</Filter>
    </ClInclude>
    <ClInclude Include="..\public\JsonUtil.h">
      <Filter>98. Utility\04. JsonUtil</Filter>
    </ClInclude>
    <ClInclude Include="..\public\BinaryUtil.h">
      <Filter>98. Utility\05. BinaryUtil</Filter>
    </ClInclude>
    <ClInclude Include="..\public\WorldInstanceData.h">
      <Filter>01. Utility\04. WorldSerializer</Filter>
    </ClInclude>
    <ClInclude Include="..\public\WorldSerializer.h">
      <Filter>01. Utility\04. WorldSerializer</Filter>
    </ClInclude>
    <ClInclude Include="..\public\FieldControllerSystem.h">
      <Filter>04. IntentPipeLine\08. FieldControllerSystem</Filter>
    </ClInclude>
    <ClInclude Include="..\public\FieldControllerData.h">
      <Filter>04. IntentPipeLine\08. FieldControllerSystem</Filter>
    </ClInclude>
    <ClInclude Include="..\public\MoveStateData.h">
      <Filter>04. IntentPipeLine\05. MovementSystem\00. MoveStateSystem</Filter>
    </ClInclude>
    <ClInclude Include="..\public\MoveStateSystem.h">
      <Filter>04. IntentPipeLine\05. MovementSystem\00. MoveStateSystem</Filter>
    </ClInclude>
    <ClInclude Include="..\public\MoveProfileSystem.h">
      <Filter>04. IntentPipeLine\05. MovementSystem\01. MoveProfileSystem</Filter>
    </ClInclude>
    <ClInclude Include="..\public\MoveIntentSystem.h">
      <Filter>04. IntentPipeLine\05. MovementSystem\02. MoveIntentSystem</Filter>
    </ClInclude>
    <ClInclude Include="..\public\MoveProfileData.h">
      <Filter>04. IntentPipeLine\05. MovementSystem\01. MoveProfileSystem</Filter>
    </ClInclude>
    <ClInclude Include="..\public\MoveIntentData.h">
      <Filter>04. IntentPipeLine\05. MovementSystem\02. MoveIntentSystem</Filter>
    </ClInclude>
    <ClInclude Include="..\public\InputGate.h">
      <Filter>04. IntentPipeLine\01. InputGate</Filter>
    </ClInclude>
    <ClInclude Include="..\public\IntentCollector.h">
      <Filter>04. IntentPipeLine\02. IntentCollector</Filter>
    </ClInclude>
    <ClInclude Include="..\public\IntentMerger.h">
      <Filter>04. IntentPipeLine\03. IntentMerger</Filter>
    </ClInclude>
    <ClInclude Include="..\public\InputService.h">
      <Filter>04. IntentPipeLine\00. InputService</Filter>
    </ClInclude>
    <ClInclude Include="..\public\CollisionData.h">
      <Filter>03. EntitySystem\10. CollisionSystem\00. CollisionSystem</Filter>
    </ClInclude>
    <ClInclude Include="..\public\CollisionSystem.h">
      <Filter>03. EntitySystem\10. CollisionSystem\00. CollisionSystem</Filter>
    </ClInclude>
    <ClInclude Include="..\public\MeshColliderData.h">
      <Filter>03. EntitySystem\10. CollisionSystem\01. MeshColliderSystem</Filter>
    </ClInclude>
    <ClInclude Include="..\public\MeshColliderSystem.h">
      <Filter>03. EntitySystem\10. CollisionSystem\01. MeshColliderSystem</Filter>
    </ClInclude>
    <ClInclude Include="..\public\CBufferTypes.h">
      <Filter>02. Resources\04. CBuffer</Filter>
    </ClInclude>
    <ClInclude Include="..\public\SkyboxSystem.h">
      <Filter>03. EntitySystem\14. SkyboxSystem</Filter>
    </ClInclude>
    <ClInclude Include="..\public\SkyboxData.h">
      <Filter>03. EntitySystem\14. SkyboxSystem</Filter>
    </ClInclude>
    <ClInclude Include="..\public\NavMeshSystem.h">
      <Filter>03. EntitySystem\15. NavMeshSystem</Filter>
    </ClInclude>
    <ClInclude Include="..\public\NavMeshData.h">
      <Filter>03. EntitySystem\15. NavMeshSystem</Filter>
    </ClInclude>
    <ClInclude Include="..\public\FieldAnimSystem.h">
      <Filter>04. IntentPipeLine\06. FieldAnimSystem</Filter>
    </ClInclude>
    <ClInclude Include="..\public\FieldAnimData.h">
      <Filter>04. IntentPipeLine\06. FieldAnimSystem</Filter>
    </ClInclude>
    <ClInclude Include="..\public\ComponentPool.h">
      <Filter>01. Utility</Filter>
    </ClInclude>
    <ClInclude Include="..\public\InputRouting.h">
      <Filter>04. IntentPipeLine\00. InputService</Filter>
    </ClInclude>
    <ClInclude Include="..\public\OrbitCamData.h">
      <Filter>03. EntitySystem\03. Camera\02. OribitCamSystem</Filter>
    </ClInclude>
    <ClInclude Include="..\public\OrbitCamSystem.h">
      <Filter>03. EntitySystem\03. Camera\02. OribitCamSystem</Filter>
    </ClInclude>
    <ClInclude Include="..\public\BattleControllerData.h">
      <Filter>05. Battle\02. BattleControllerSystem</Filter>
    </ClInclude>
    <ClInclude Include="..\public\BattleControllerSystem.h">
      <Filter>05. Battle\02. BattleControllerSystem</Filter>
    </ClInclude>
    <ClInclude Include="..\public\AnimDataSystem.h">
      <Filter>07. DataSystem\02. AnimDataSystem</Filter>
    </ClInclude>
    <ClInclude Include="..\public\CharaAnimData.h">
      <Filter>07. DataSystem\02. AnimDataSystem</Filter>
    </ClInclude>
    <ClInclude Include="..\public\BattleIntroSystem.h">
      <Filter>05. Battle\01. BattleIntroSystem</Filter>
    </ClInclude>
    <ClInclude Include="..\public\BattleIntroData.h">
      <Filter>05. Battle\01. BattleIntroSystem</Filter>
    </ClInclude>
    <ClInclude Include="..\public\JumpData.h">
      <Filter>04. IntentPipeLine\05. MovementSystem\03. JumpSystem</Filter>
    </ClInclude>
    <ClInclude Include="..\public\JumpSystem.h">
      <Filter>04. IntentPipeLine\05. MovementSystem\03. JumpSystem</Filter>
    </ClInclude>
    <ClInclude Include="..\public\FacingData.h">
      <Filter>04. IntentPipeLine\07. FacingSystem\00. FacingSystem</Filter>
    </ClInclude>
    <ClInclude Include="..\public\FacingSystem.h">
      <Filter>04. IntentPipeLine\07. FacingSystem\00. FacingSystem</Filter>
    </ClInclude>
    <ClInclude Include="..\public\FacingBlockService.h">
      <Filter>04. IntentPipeLine\07. FacingSystem\01. FacingBlockService</Filter>
    </ClInclude>
    <ClInclude Include="..\public\FacingForceService.h">
      <Filter>04. IntentPipeLine\07. FacingSystem\02. FacingForceSystem</Filter>
    </ClInclude>
    <ClInclude Include="..\public\FacingBlockData.h">
      <Filter>04. IntentPipeLine\07. FacingSystem\01. FacingBlockService</Filter>
    </ClInclude>
    <ClInclude Include="..\public\FacingForceData.h">
      <Filter>04. IntentPipeLine\07. FacingSystem\02. FacingForceSystem</Filter>
    </ClInclude>
    <ClInclude Include="..\public\BattleSessionSystem.h">
      <Filter>05. Battle\03. BattleSessionSystem</Filter>
    </ClInclude>
    <ClInclude Include="..\public\BattleSessionData.h">
      <Filter>05. Battle\03. BattleSessionSystem</Filter>
    </ClInclude>
    <ClInclude Include="..\public\BattleTimelineData.h">
      <Filter>05. Battle\04. BattleTimelineSystem</Filter>
    </ClInclude>
    <ClInclude Include="..\public\BattleTimelineSystem.h">
      <Filter>05. Battle\04. BattleTimelineSystem</Filter>
    </ClInclude>
    <ClInclude Include="..\public\ActionAnimRegistry.h">
      <Filter>07. DataSystem\03. ActionAnimRegistry</Filter>
    </ClInclude>
    <ClInclude Include="..\public\ActionAnimData.h">
      <Filter>07. DataSystem\03. ActionAnimRegistry</Filter>
    </ClInclude>
    <ClInclude Include="..\public\BattleExecutionSystem.h">
      <Filter>05. Battle\05. BattleExecutionSystem</Filter>
    </ClInclude>
    <ClInclude Include="..\public\BattleExecutionData.h">
      <Filter>05. Battle\05. BattleExecutionSystem</Filter>
    </ClInclude>
    <ClInclude Include="..\public\BattleOrchestraSystem.h">
      <Filter>06. GameMode\02. BattleOrchestraSystem</Filter>
    </ClInclude>
    <ClInclude Include="..\public\FieldOrchestraSystem.h">
      <Filter>06. GameMode\01. FieldOrchestraSystem</Filter>
    </ClInclude>
    <ClInclude Include="..\public\IModeOrchestra.h">
      <Filter>06. GameMode</Filter>
    </ClInclude>
    <ClInclude Include="..\public\GameModeDirectorSystem.h">
      <Filter>06. GameMode\00. GameModeDirectorSystem</Filter>
    </ClInclude>
    <ClInclude Include="..\public\BattleOrchestraData.h">
      <Filter>06. GameMode\02. BattleOrchestraSystem</Filter>
    </ClInclude>
    <ClInclude Include="..\public\CharacterDataSystem.h">
      <Filter>07. DataSystem\01. CharacterDataSystem</Filter>
    </ClInclude>
    <ClInclude Include="..\public\CharacterData.h">
      <Filter>07. DataSystem\01. CharacterDataSystem</Filter>
    </ClInclude>
    <ClInclude Include="..\public\BattleEventBusData.h">
      <Filter>05. Battle\00. BattleEventBus</Filter>
    </ClInclude>
    <ClInclude Include="..\public\BattleEventBus.h">
      <Filter>05. Battle\00. BattleEventBus</Filter>
    </ClInclude>
    <ClInclude Include="..\public\BattleData.h">
      <Filter>05. Battle</Filter>
    </ClInclude>
    <ClInclude Include="..\public\UIData_Enum.h">
      <Filter>08. UI</Filter>
    </ClInclude>
    <ClInclude Include="..\public\UIData_Struct.h">
      <Filter>08. UI</Filter>
    </ClInclude>
    <ClInclude Include="..\public\UISystem.h">
      <Filter>08. UI\00. UISystem</Filter>
    </ClInclude>
    <ClInclude Include="..\public\UIMesh.h">
      <Filter>08. UI\01. UIMesh</Filter>
    </ClInclude>
    <ClInclude Include="..\public\UIRegistry.h">
      <Filter>08. UI\02. UIRegistry</Filter>
    </ClInclude>
    <ClInclude Include="..\public\UIRegistryData.h">
      <Filter>08. UI\02. UIRegistry</Filter>
    </ClInclude>
    <ClInclude Include="..\public\BattleUIOrchestrator.h">
      <Filter>06. GameMode\04. BattleUIOrchestrator</Filter>
    </ClInclude>
    <ClInclude Include="..\public\FieldUIOrchestrator.h">
      <Filter>06. GameMode\03. FieldUIOrchestrator</Filter>
    </ClInclude>
    <ClInclude Include="..\public\UIAnimSystem.h">
      <Filter>08. UI\03. UIAnimSystem</Filter>
    </ClInclude>
    <ClInclude Include="..\public\TimelineBarPresenter.h">
      <Filter>08. UI\04. SlotUIPresenter</Filter>
    </ClInclude>
    <ClInclude Include="..\public\TimelinePresenterData.h">
      <Filter>08. UI\04. SlotUIPresenter</Filter>
    </ClInclude>
    <ClInclude Include="..\public\BattleAIControllerSystem.h">
      <Filter>05. Battle\06. BattleAIController</Filter>
    </ClInclude>
    <ClInclude Include="..\public\BattleAIData.h">
      <Filter>05. Battle\06. BattleAIController</Filter>
    </ClInclude>
  </ItemGroup>
  <ItemGroup>
    <ClCompile Include="..\private\GameInstance.cpp">
      <Filter>00. Engine\00. GameInstance</Filter>
    </ClCompile>
    <ClCompile Include="..\private\Enginepch.cpp">
      <Filter>99. Etc\pch</Filter>
    </ClCompile>
    <ClCompile Include="..\private\Timer.cpp">
      <Filter>00. Engine\02. Timers\Timer</Filter>
    </ClCompile>
    <ClCompile Include="..\private\Device.cpp">
      <Filter>00. Engine\01. Device</Filter>
    </ClCompile>
    <ClCompile Include="..\private\Level.cpp">
      <Filter>01. Utility\00. Levels\Level</Filter>
    </ClCompile>
    <ClCompile Include="..\private\InputMgr.cpp">
      <Filter>00. Engine\03. InputMgr</Filter>
    </ClCompile>
    <ClCompile Include="..\private\Renderer.cpp">
      <Filter>03. EntitySystem\99. RenderSystem\02. Renderer</Filter>
    </ClCompile>
    <ClCompile Include="..\private\Shader.cpp">
      <Filter>02. Resources\03. Shader</Filter>
    </ClCompile>
    <ClCompile Include="..\private\Material.cpp">
      <Filter>02. Resources\01. Material</Filter>
    </ClCompile>
    <ClCompile Include="..\private\Texture.cpp">
      <Filter>02. Resources\02. Texture</Filter>
    </ClCompile>
    <ClCompile Include="..\private\CBuffer.cpp">
      <Filter>02. Resources\04. CBuffer</Filter>
    </ClCompile>
    <ClCompile Include="..\private\GuiPanel.cpp">
      <Filter>00. Engine\04. ImGui\GuiPanel</Filter>
    </ClCompile>
    <ClCompile Include="..\private\HierachyPanel.cpp">
      <Filter>00. Engine\04. ImGui\HierachyPanel</Filter>
    </ClCompile>
    <ClCompile Include="..\private\InspectorPanel.cpp">
      <Filter>00. Engine\04. ImGui\InspectorPanel</Filter>
    </ClCompile>
    <ClCompile Include="..\private\FpsPanel.cpp">
      <Filter>00. Engine\04. ImGui\FpsPanel</Filter>
    </ClCompile>
    <ClCompile Include="..\private\GuiMgr.cpp">
      <Filter>00. Engine\04. ImGui\GuiMgr</Filter>
    </ClCompile>
    <ClCompile Include="..\private\LevelMgr.cpp">
      <Filter>01. Utility\00. Levels\LevelMgr</Filter>
    </ClCompile>
    <ClCompile Include="..\private\TimeMgr.cpp">
      <Filter>00. Engine\02. Timers\TimeMgr</Filter>
    </ClCompile>
    <ClCompile Include="..\private\Mesh.cpp">
      <Filter>02. Resources\01. Mesh</Filter>
    </ClCompile>
    <ClCompile Include="..\private\Model.cpp">
      <Filter>02. Resources\05. Model</Filter>
    </ClCompile>
    <ClCompile Include="..\private\PathMgr.cpp">
      <Filter>02. Resources\97. PathMgr</Filter>
    </ClCompile>
    <ClCompile Include="..\private\Skeleton.cpp">
      <Filter>02. Resources\07. Skeleton</Filter>
    </ClCompile>
    <ClCompile Include="..\private\Bone.cpp">
      <Filter>02. Resources\06. Bone</Filter>
    </ClCompile>
    <ClCompile Include="..\private\imgui.cpp">
      <Filter>00. Engine\04. ImGui\Imgui</Filter>
    </ClCompile>
    <ClCompile Include="..\private\imgui_demo.cpp">
      <Filter>00. Engine\04. ImGui\Imgui</Filter>
    </ClCompile>
    <ClCompile Include="..\private\imgui_draw.cpp">
      <Filter>00. Engine\04. ImGui\Imgui</Filter>
    </ClCompile>
    <ClCompile Include="..\private\imgui_impl_dx11.cpp">
      <Filter>00. Engine\04. ImGui\Imgui</Filter>
    </ClCompile>
    <ClCompile Include="..\private\imgui_impl_win32.cpp">
      <Filter>00. Engine\04. ImGui\Imgui</Filter>
    </ClCompile>
    <ClCompile Include="..\private\imgui_tables.cpp">
      <Filter>00. Engine\04. ImGui\Imgui</Filter>
    </ClCompile>
    <ClCompile Include="..\private\imgui_widgets.cpp">
      <Filter>00. Engine\04. ImGui\Imgui</Filter>
    </ClCompile>
    <ClCompile Include="..\private\ImGuizmo.cpp">
      <Filter>00. Engine\04. ImGui\Imgui</Filter>
    </ClCompile>
    <ClCompile Include="..\private\TransformSystem.cpp">
      <Filter>03. EntitySystem\00. Transform\TransformSystem</Filter>
    </ClCompile>
    <ClCompile Include="..\private\AnimatorSystem.cpp">
      <Filter>03. EntitySystem\01. Animator\00. AnimatorSystem</Filter>
    </ClCompile>
    <ClCompile Include="..\private\MouthSystem.cpp">
      <Filter>03. EntitySystem\01. Animator\02. MouthSystem</Filter>
    </ClCompile>
    <ClCompile Include="..\private\FaceSystem.cpp">
      <Filter>03. EntitySystem\01. Animator\01. FaceSystem</Filter>
    </ClCompile>
    <ClCompile Include="..\private\SocketSystem.cpp">
      <Filter>03. EntitySystem\02. Socket</Filter>
    </ClCompile>
    <ClCompile Include="..\private\CameraSystem.cpp">
      <Filter>03. EntitySystem\03. Camera\00. CameraSystem</Filter>
    </ClCompile>
    <ClCompile Include="..\private\FreeCamSystem.cpp">
      <Filter>03. EntitySystem\03. Camera\01. FreeCamSystem</Filter>
    </ClCompile>
    <ClCompile Include="..\private\LightSystem.cpp">
      <Filter>03. EntitySystem\04. Light</Filter>
    </ClCompile>
    <ClCompile Include="..\private\ModelSystem.cpp">
      <Filter>03. EntitySystem\05. Model</Filter>
    </ClCompile>
    <ClCompile Include="..\private\LayerSystem.cpp">
      <Filter>03. EntitySystem\06. Layer</Filter>
    </ClCompile>
    <ClCompile Include="..\private\EntityMgr.cpp">
      <Filter>01. Utility\01. EntityMgr</Filter>
    </ClCompile>
    <ClCompile Include="..\private\EntitySpawner.cpp">
      <Filter>01. Utility\02. EntitySpawner</Filter>
    </ClCompile>
    <ClCompile Include="..\private\TagSystem.cpp">
      <Filter>01. Utility\03. TagSystem</Filter>
    </ClCompile>
    <ClCompile Include="..\private\AssetSystem.cpp">
      <Filter>07. DataSystem\00. Asset</Filter>
    </ClCompile>
    <ClCompile Include="..\private\InputLayoutBuilder.cpp">
      <Filter>01. Utility\98. InputLayout</Filter>
    </ClCompile>
    <ClCompile Include="..\private\GridSystem.cpp">
      <Filter>03. EntitySystem\07. Grid</Filter>
    </ClCompile>
    <ClCompile Include="..\private\PickingSystem.cpp">
      <Filter>03. EntitySystem\08. Picking</Filter>
    </ClCompile>
    <ClCompile Include="..\private\GuiUtility.cpp">
      <Filter>98. Utility\01. GuiUtility</Filter>
    </ClCompile>
    <ClCompile Include="..\private\Utility.cpp">
      <Filter>98. Utility\00. Utility</Filter>
    </ClCompile>
    <ClCompile Include="..\private\SelectionSystem.cpp">
      <Filter>03. EntitySystem\09. SelectionSystem</Filter>
    </ClCompile>
    <ClCompile Include="..\private\GpuUtil.cpp">
      <Filter>98. Utility\02. GpuUtil</Filter>
    </ClCompile>
    <ClCompile Include="..\private\RenderSystem.cpp">
      <Filter>03. EntitySystem\99. RenderSystem\01. RenderSystem</Filter>
    </ClCompile>
    <ClCompile Include="..\private\HighlightSystem.cpp">
      <Filter>03. EntitySystem\11. HighlightSystem</Filter>
    </ClCompile>
    <ClCompile Include="..\private\JsonUtil.cpp">
      <Filter>98. Utility\04. JsonUtil</Filter>
    </ClCompile>
    <ClCompile Include="..\private\BinaryUtil.cpp">
      <Filter>98. Utility\05. BinaryUtil</Filter>
    </ClCompile>
    <ClCompile Include="..\private\WorldSerializer.cpp">
      <Filter>01. Utility\04. WorldSerializer</Filter>
    </ClCompile>
    <ClCompile Include="..\private\FieldControllerSystem.cpp">
      <Filter>04. IntentPipeLine\08. FieldControllerSystem</Filter>
    </ClCompile>
    <ClCompile Include="..\private\MoveStateSystem.cpp">
      <Filter>04. IntentPipeLine\05. MovementSystem\00. MoveStateSystem</Filter>
    </ClCompile>
    <ClCompile Include="..\private\MoveProfileSystem.cpp">
      <Filter>04. IntentPipeLine\05. MovementSystem\01. MoveProfileSystem</Filter>
    </ClCompile>
    <ClCompile Include="..\private\MoveIntentSystem.cpp">
      <Filter>04. IntentPipeLine\05. MovementSystem\02. MoveIntentSystem</Filter>
    </ClCompile>
    <ClCompile Include="..\private\InputGate.cpp">
      <Filter>04. IntentPipeLine\01. InputGate</Filter>
    </ClCompile>
    <ClCompile Include="..\private\IntentCollector.cpp">
      <Filter>04. IntentPipeLine\02. IntentCollector</Filter>
    </ClCompile>
    <ClCompile Include="..\private\IntentMerger.cpp">
      <Filter>04. IntentPipeLine\03. IntentMerger</Filter>
    </ClCompile>
    <ClCompile Include="..\private\InputService.cpp">
      <Filter>04. IntentPipeLine\00. InputService</Filter>
    </ClCompile>
    <ClCompile Include="..\private\CollisionSystem.cpp">
      <Filter>03. EntitySystem\10. CollisionSystem\00. CollisionSystem</Filter>
    </ClCompile>
    <ClCompile Include="..\private\MeshColliderSystem.cpp">
      <Filter>03. EntitySystem\10. CollisionSystem\01. MeshColliderSystem</Filter>
    </ClCompile>
    <ClCompile Include="..\private\SkyboxSystem.cpp">
      <Filter>03. EntitySystem\14. SkyboxSystem</Filter>
    </ClCompile>
    <ClCompile Include="..\private\NavMeshSystem.cpp">
      <Filter>03. EntitySystem\15. NavMeshSystem</Filter>
    </ClCompile>
    <ClCompile Include="..\private\FieldAnimSystem.cpp">
      <Filter>04. IntentPipeLine\06. FieldAnimSystem</Filter>
    </ClCompile>
    <ClCompile Include="..\private\OrbitCamSystem.cpp">
      <Filter>03. EntitySystem\03. Camera\02. OribitCamSystem</Filter>
    </ClCompile>
    <ClCompile Include="..\private\BattleControllerSystem.cpp">
      <Filter>05. Battle\02. BattleControllerSystem</Filter>
    </ClCompile>
    <ClCompile Include="..\private\AnimDataSystem.cpp">
      <Filter>07. DataSystem\02. AnimDataSystem</Filter>
    </ClCompile>
    <ClCompile Include="..\private\BattleIntroSystem.cpp">
      <Filter>05. Battle\01. BattleIntroSystem</Filter>
    </ClCompile>
    <ClCompile Include="..\private\JumpSystem.cpp">
      <Filter>04. IntentPipeLine\05. MovementSystem\03. JumpSystem</Filter>
    </ClCompile>
    <ClCompile Include="..\private\FacingSystem.cpp">
      <Filter>04. IntentPipeLine\07. FacingSystem\00. FacingSystem</Filter>
    </ClCompile>
    <ClCompile Include="..\private\FacingBlockService.cpp">
      <Filter>04. IntentPipeLine\07. FacingSystem\01. FacingBlockService</Filter>
    </ClCompile>
    <ClCompile Include="..\private\FacingForceService.cpp">
      <Filter>04. IntentPipeLine\07. FacingSystem\02. FacingForceSystem</Filter>
    </ClCompile>
    <ClCompile Include="..\private\BattleSessionSystem.cpp">
      <Filter>05. Battle\03. BattleSessionSystem</Filter>
    </ClCompile>
    <ClCompile Include="..\private\BattleTimelineSystem.cpp">
      <Filter>05. Battle\04. BattleTimelineSystem</Filter>
    </ClCompile>
    <ClCompile Include="..\private\ActionAnimRegistry.cpp">
      <Filter>07. DataSystem\03. ActionAnimRegistry</Filter>
    </ClCompile>
    <ClCompile Include="..\private\BattleExecutionSystem.cpp">
      <Filter>05. Battle\05. BattleExecutionSystem</Filter>
    </ClCompile>
    <ClCompile Include="..\private\BattleOrchestraSystem.cpp">
      <Filter>06. GameMode\02. BattleOrchestraSystem</Filter>
    </ClCompile>
    <ClCompile Include="..\private\FieldOrchestraSystem.cpp">
      <Filter>06. GameMode\01. FieldOrchestraSystem</Filter>
    </ClCompile>
    <ClCompile Include="..\private\GameModeDirectorSystem.cpp">
      <Filter>06. GameMode\00. GameModeDirectorSystem</Filter>
    </ClCompile>
    <ClCompile Include="..\private\CharacterDataSystem.cpp">
      <Filter>07. DataSystem\01. CharacterDataSystem</Filter>
    </ClCompile>
    <ClCompile Include="..\private\BattleEventBus.cpp">
      <Filter>05. Battle\00. BattleEventBus</Filter>
    </ClCompile>
    <ClCompile Include="..\private\UISystem.cpp">
      <Filter>08. UI\00. UISystem</Filter>
    </ClCompile>
    <ClCompile Include="..\private\UIMesh.cpp">
      <Filter>08. UI\01. UIMesh</Filter>
    </ClCompile>
    <ClCompile Include="..\private\UIRegistry.cpp">
      <Filter>08. UI\02. UIRegistry</Filter>
    </ClCompile>
    <ClCompile Include="..\private\BattleUIOrchestrator.cpp">
      <Filter>06. GameMode\04. BattleUIOrchestrator</Filter>
    </ClCompile>
    <ClCompile Include="..\private\FieldUIOrchestrator.cpp">
      <Filter>06. GameMode\03. FieldUIOrchestrator</Filter>
    </ClCompile>
    <ClCompile Include="..\private\UIAnimSystem.cpp">
      <Filter>08. UI\03. UIAnimSystem</Filter>
    </ClCompile>
    <ClCompile Include="..\private\TimelineBarPresenter.cpp">
      <Filter>08. UI\04. SlotUIPresenter</Filter>
    </ClCompile>
    <ClCompile Include="..\private\BattleAIControllerSystem.cpp">
      <Filter>05. Battle\06. BattleAIController</Filter>
    </ClCompile>
  </ItemGroup>
  <ItemGroup>
    <ResourceCompile Include="Engine.rc" />
  </ItemGroup>
  <ItemGroup>
    <FxCompile Include="..\bin\ShaderFiles\PNUTan_VS.hlsl">
      <Filter>100.. ShaderFiles\00. VS</Filter>
    </FxCompile>
    <FxCompile Include="..\bin\ShaderFiles\PNUTanSkin_VS.hlsl">
      <Filter>100.. ShaderFiles\00. VS</Filter>
    </FxCompile>
    <FxCompile Include="..\bin\ShaderFiles\PC_VS.hlsl">
      <Filter>100.. ShaderFiles\00. VS</Filter>
    </FxCompile>
    <FxCompile Include="..\bin\ShaderFiles\PUV_VS.hlsl">
      <Filter>100.. ShaderFiles\00. VS</Filter>
    </FxCompile>
    <FxCompile Include="..\bin\ShaderFiles\PNU_VS.hlsl">
      <Filter>100.. ShaderFiles\00. VS</Filter>
    </FxCompile>
    <FxCompile Include="..\bin\ShaderFiles\PC_PS.hlsl">
      <Filter>100.. ShaderFiles\03. PS</Filter>
    </FxCompile>
    <FxCompile Include="..\bin\ShaderFiles\PNU_PS.hlsl">
      <Filter>100.. ShaderFiles\03. PS</Filter>
    </FxCompile>
    <FxCompile Include="..\bin\ShaderFiles\PNUTan_PS.hlsl">
      <Filter>100.. ShaderFiles\03. PS</Filter>
    </FxCompile>
    <FxCompile Include="..\bin\ShaderFiles\PNUTanSkin_PS.hlsl">
      <Filter>100.. ShaderFiles\03. PS</Filter>
    </FxCompile>
    <FxCompile Include="..\bin\ShaderFiles\PUV_PS.hlsl">
      <Filter>100.. ShaderFiles\03. PS</Filter>
    </FxCompile>
    <FxCompile Include="..\bin\ShaderFiles\Skybox_VS.hlsl">
      <Filter>100.. ShaderFiles\00. VS</Filter>
    </FxCompile>
    <FxCompile Include="..\bin\ShaderFiles\Skybox_PS.hlsl">
      <Filter>100.. ShaderFiles\03. PS</Filter>
    </FxCompile>
    <FxCompile Include="..\bin\ShaderFiles\PNUTanSkin_VS_TS.hlsl">
      <Filter>100.. ShaderFiles\00. VS</Filter>
    </FxCompile>
    <FxCompile Include="..\bin\ShaderFiles\PNUTanSkin_HS.hlsl">
      <Filter>100.. ShaderFiles\01. HS</Filter>
    </FxCompile>
    <FxCompile Include="..\bin\ShaderFiles\PNUTanSkin_DS.hlsl">
      <Filter>100.. ShaderFiles\02. DS</Filter>
    </FxCompile>
    <FxCompile Include="..\bin\ShaderFiles\PUC_VS_UI.hlsl">
      <Filter>100.. ShaderFiles\00. VS</Filter>
    </FxCompile>
    <FxCompile Include="..\bin\ShaderFiles\PUC_PS_UI.hlsl">
      <Filter>100.. ShaderFiles\03. PS</Filter>
    </FxCompile>
  </ItemGroup>
  <ItemGroup>
    <Text Include="..\bin\ShaderFiles\Common.hlsli">
      <Filter>100.. ShaderFiles</Filter>
    </Text>
  </ItemGroup>
</Project>