<?xml version="1.0" encoding="utf-8"?>
<Project ToolsVersion="4.0" xmlns="http://schemas.microsoft.com/developer/msbuild/2003">
  <ItemGroup>
    <Filter Include="99. Etc">
      <UniqueIdentifier>{6cc588c9-a5c4-4816-b509-ff513b368d9f}</UniqueIdentifier>
    </Filter>
    <Filter Include="99. Etc\pch">
      <UniqueIdentifier>{27717a44-877d-430e-9fd1-0a45220e475c}</UniqueIdentifier>
    </Filter>
    <Filter Include="98. Utility">
      <UniqueIdentifier>{3a654f85-e43a-473f-8f10-d755e8b3cbb5}</UniqueIdentifier>
    </Filter>
    <Filter Include="98. Utility\Singleton">
      <UniqueIdentifier>{1eaf47b0-8e2b-47cf-93dd-56dc07cb1d20}</UniqueIdentifier>
    </Filter>
    <Filter Include="99. Etc\Etc">
      <UniqueIdentifier>{adecc53d-cae9-4bcd-a7f8-7489405b5bc6}</UniqueIdentifier>
    </Filter>
    <Filter Include="02. Resources">
      <UniqueIdentifier>{1f095fe2-6c5d-4e7f-b47f-aeff8a885634}</UniqueIdentifier>
    </Filter>
    <Filter Include="02. Resources\01. Material">
      <UniqueIdentifier>{820ceff3-8e7f-467b-a6de-5e77fb06de3e}</UniqueIdentifier>
    </Filter>
    <Filter Include="02. Resources\02. Texture">
      <UniqueIdentifier>{f6985e92-9a27-4829-8390-8728ed6e13ae}</UniqueIdentifier>
    </Filter>
    <Filter Include="02. Resources\03. Shader">
      <UniqueIdentifier>{e5e8e15e-eae5-433e-b70a-53a96d0003ec}</UniqueIdentifier>
    </Filter>
    <Filter Include="02. Resources\04. CBuffer">
      <UniqueIdentifier>{111a4953-0ed2-43fc-a20b-02b943713707}</UniqueIdentifier>
    </Filter>
    <Filter Include="02. Resources\05. Model">
      <UniqueIdentifier>{9e99a55b-d785-48e6-986b-dbdb3d39116e}</UniqueIdentifier>
    </Filter>
    <Filter Include="02. Resources\97. PathMgr">
      <UniqueIdentifier>{9fe6374c-ba6f-47a0-8027-8e344a20e63a}</UniqueIdentifier>
    </Filter>
    <Filter Include="02. Resources\06. Bone">
      <UniqueIdentifier>{8cbcb224-3748-4fcb-8940-6b61014fe3c4}</UniqueIdentifier>
    </Filter>
    <Filter Include="02. Resources\07. Skeleton">
      <UniqueIdentifier>{a6c0a0a0-100d-4f62-8931-fa9f65dbc0a3}</UniqueIdentifier>
    </Filter>
    <Filter Include="03. EntitySystem">
      <UniqueIdentifier>{34bec56e-59d8-4486-9881-061f4941fa68}</UniqueIdentifier>
    </Filter>
    <Filter Include="03. EntitySystem\00. Transform">
      <UniqueIdentifier>{0539aa15-d477-42cc-8f98-65e58581a900}</UniqueIdentifier>
    </Filter>
    <Filter Include="03. EntitySystem\00. Transform\TransformSystem">
      <UniqueIdentifier>{766cb35a-f1a3-445c-81a3-0971a115e155}</UniqueIdentifier>
    </Filter>
    <Filter Include="03. EntitySystem\03. Camera">
      <UniqueIdentifier>{1e6c40ed-a13b-4a29-a109-938a46b22a8c}</UniqueIdentifier>
    </Filter>
    <Filter Include="03. EntitySystem\03. Camera\00. CameraSystem">
      <UniqueIdentifier>{2724a764-f34a-453f-bdd4-d914febb60f1}</UniqueIdentifier>
    </Filter>
    <Filter Include="03. EntitySystem\03. Camera\01. FreeCamSystem">
      <UniqueIdentifier>{63bcab1e-63cb-43f0-a717-01f9888bd327}</UniqueIdentifier>
    </Filter>
    <Filter Include="03. EntitySystem\01. Animator">
      <UniqueIdentifier>{2ee37ba1-b3f8-4a5a-8c60-0429aea376e0}</UniqueIdentifier>
    </Filter>
    <Filter Include="03. EntitySystem\01. Animator\01. FaceSystem">
      <UniqueIdentifier>{811599dc-667d-49df-b973-9e1f2b68b8a1}</UniqueIdentifier>
    </Filter>
    <Filter Include="03. EntitySystem\01. Animator\00. AnimatorSystem">
      <UniqueIdentifier>{1e0147a8-ab95-4d37-a31f-cb8330b47819}</UniqueIdentifier>
    </Filter>
    <Filter Include="03. EntitySystem\01. Animator\02. MouthSystem">
      <UniqueIdentifier>{5999657d-3dc2-41ab-a3c3-c8368272fa41}</UniqueIdentifier>
    </Filter>
    <Filter Include="03. EntitySystem\02. Socket">
      <UniqueIdentifier>{f3dab371-475c-4908-b586-fb8e1d030bee}</UniqueIdentifier>
    </Filter>
    <Filter Include="03. EntitySystem\05. Model">
      <UniqueIdentifier>{1fd604b4-7c89-4568-b441-e77bb77ba958}</UniqueIdentifier>
    </Filter>
    <Filter Include="03. EntitySystem\04. Light">
      <UniqueIdentifier>{65985454-abbd-47fa-bb04-48ed722b9a86}</UniqueIdentifier>
    </Filter>
    <Filter Include="03. EntitySystem\06. Layer">
      <UniqueIdentifier>{a61a664e-59bc-4674-bf3a-92b433026c5a}</UniqueIdentifier>
    </Filter>
    <Filter Include="02. Resources\01. Mesh">
      <UniqueIdentifier>{9417051a-6b0b-4b2d-9c26-6fba5bc8b45d}</UniqueIdentifier>
    </Filter>
    <Filter Include="03. EntitySystem\07. Grid">
      <UniqueIdentifier>{a33dddd6-d50a-4b2f-94b5-60e331ebaf84}</UniqueIdentifier>
    </Filter>
    <Filter Include="03. EntitySystem\08. Picking">
      <UniqueIdentifier>{67fb9a2e-6039-4cbc-a8de-dd26abfd5040}</UniqueIdentifier>
    </Filter>
    <Filter Include="98. Utility\00. Utility">
      <UniqueIdentifier>{278eec6f-e7bf-4dca-a7ef-98e890ded1ca}</UniqueIdentifier>
    </Filter>
    <Filter Include="98. Utility\01. GuiUtility">
      <UniqueIdentifier>{bce1def8-8877-40a7-989a-9a336084e8c9}</UniqueIdentifier>
    </Filter>
    <Filter Include="03. EntitySystem\09. SelectionSystem">
      <UniqueIdentifier>{e88d926c-df40-417e-b41a-94cff58376dd}</UniqueIdentifier>
    </Filter>
    <Filter Include="98. Utility\02. GpuUtil">
      <UniqueIdentifier>{e3b86b89-a39b-40de-85e3-efdfcf08fca7}</UniqueIdentifier>
    </Filter>
    <Filter Include="03. EntitySystem\10. CollisionSystem">
      <UniqueIdentifier>{85e9ac7b-8221-4e42-8335-427959fa47bc}</UniqueIdentifier>
    </Filter>
    <Filter Include="03. EntitySystem\99. RenderSystem">
      <UniqueIdentifier>{80187c98-783d-4ae8-bc03-dd68d2950d64}</UniqueIdentifier>
    </Filter>
    <Filter Include="03. EntitySystem\99. RenderSystem\00. RenderData">
      <UniqueIdentifier>{ac9afec6-6609-4de1-8294-aaf9b5f57a04}</UniqueIdentifier>
    </Filter>
    <Filter Include="03. EntitySystem\99. RenderSystem\02. Renderer">
      <UniqueIdentifier>{19cbcfc7-0e47-4e9a-8032-2543e869cd91}</UniqueIdentifier>
    </Filter>
    <Filter Include="98. Utility\03. MathUtil">
      <UniqueIdentifier>{88609cf6-5742-4bb6-a234-8ad8c8b68130}</UniqueIdentifier>
    </Filter>
    <Filter Include="03. EntitySystem\11. HighlightSystem">
      <UniqueIdentifier>{1cdb0bc3-24f5-4438-af03-370d467d2974}</UniqueIdentifier>
    </Filter>
    <Filter Include="98. Utility\04. JsonUtil">
      <UniqueIdentifier>{d34724b6-64ef-4474-b7f8-dade3898ea2c}</UniqueIdentifier>
    </Filter>
    <Filter Include="98. Utility\05. BinaryUtil">
      <UniqueIdentifier>{c902b48b-d56c-4ca6-8a09-564e9efae324}</UniqueIdentifier>
    </Filter>
    <Filter Include="04. IntentPipeLine">
      <UniqueIdentifier>{71ab6621-b128-4503-ae17-e2f99f008ad8}</UniqueIdentifier>
    </Filter>
    <Filter Include="04. IntentPipeLine\01. InputGate">
      <UniqueIdentifier>{38a7623d-c0c3-4700-a20f-2e8d984cbb36}</UniqueIdentifier>
    </Filter>
    <Filter Include="04. IntentPipeLine\02. IntentCollector">
      <UniqueIdentifier>{90ca5423-73f2-438d-9257-efe012f3644a}</UniqueIdentifier>
    </Filter>
    <Filter Include="04. IntentPipeLine\03. IntentMerger">
      <UniqueIdentifier>{4ea93eff-4c27-40a9-a558-a8e7407cc6df}</UniqueIdentifier>
    </Filter>
    <Filter Include="04. IntentPipeLine\00. InputService">
      <UniqueIdentifier>{62dd2d84-30a8-4de8-bf19-ddb41d97c47c}</UniqueIdentifier>
    </Filter>
    <Filter Include="03. EntitySystem\10. CollisionSystem\00. CollisionSystem">
      <UniqueIdentifier>{874db5a7-e1fc-4715-9ed5-5cbb72e8d0b8}</UniqueIdentifier>
    </Filter>
    <Filter Include="03. EntitySystem\10. CollisionSystem\01. MeshColliderSystem">
      <UniqueIdentifier>{e08f1d4c-918e-4f7c-9461-f164dde8b921}</UniqueIdentifier>
    </Filter>
    <Filter Include="03. EntitySystem\14. SkyboxSystem">
      <UniqueIdentifier>{6b9e2a75-fe76-4a0e-87cf-e41a95da9f02}</UniqueIdentifier>
    </Filter>
    <Filter Include="03. EntitySystem\15. NavMeshSystem">
      <UniqueIdentifier>{1b92d09a-7a82-423b-a24f-da6881ffd754}</UniqueIdentifier>
    </Filter>
    <Filter Include="03. EntitySystem\03. Camera\02. OribitCamSystem">
      <UniqueIdentifier>{de359756-9ed2-4b31-a843-5458e3e54cfc}</UniqueIdentifier>
    </Filter>
    <Filter Include="05. Battle">
      <UniqueIdentifier>{94fab636-3625-475f-aae3-a9ed57ceba27}</UniqueIdentifier>
    </Filter>
    <Filter Include="05. Battle\02. BattleControllerSystem">
      <UniqueIdentifier>{4f7f633b-a7db-449c-9fe0-11eccff3162b}</UniqueIdentifier>
    </Filter>
    <Filter Include="05. Battle\01. BattleIntroSystem">
      <UniqueIdentifier>{653b0593-47b4-4d7c-882b-d0af1f6fc34f}</UniqueIdentifier>
    </Filter>
    <Filter Include="04. IntentPipeLine\05. MovementSystem">
      <UniqueIdentifier>{f43c0ca9-ba47-417d-8e85-af27413ecc2e}</UniqueIdentifier>
    </Filter>
    <Filter Include="04. IntentPipeLine\05. MovementSystem\00. MoveStateSystem">
      <UniqueIdentifier>{856890af-80d5-446b-ab91-973555141190}</UniqueIdentifier>
    </Filter>
    <Filter Include="04. IntentPipeLine\05. MovementSystem\01. MoveProfileSystem">
      <UniqueIdentifier>{7356b3a7-4a5a-4414-ba92-e7e5bc44cd83}</UniqueIdentifier>
    </Filter>
    <Filter Include="04. IntentPipeLine\05. MovementSystem\02. MoveIntentSystem">
      <UniqueIdentifier>{5e7ef039-3d72-409f-8d74-0e5f57a84270}</UniqueIdentifier>
    </Filter>
    <Filter Include="04. IntentPipeLine\05. MovementSystem\03. JumpSystem">
      <UniqueIdentifier>{0be14206-eca4-4577-804a-3821419a9311}</UniqueIdentifier>
    </Filter>
    <Filter Include="04. IntentPipeLine\06. FieldAnimSystem">
      <UniqueIdentifier>{74836bb8-7810-47b8-9c53-3f306b871361}</UniqueIdentifier>
    </Filter>
    <Filter Include="04. IntentPipeLine\07. FacingSystem">
      <UniqueIdentifier>{a81cbf3c-ceaa-40a9-9b5b-146b6d7e427c}</UniqueIdentifier>
    </Filter>
    <Filter Include="04. IntentPipeLine\07. FacingSystem\00. FacingSystem">
      <UniqueIdentifier>{ea77e1b7-f334-467f-ab15-6005650a8bb6}</UniqueIdentifier>
    </Filter>
    <Filter Include="04. IntentPipeLine\07. FacingSystem\01. FacingBlockService">
      <UniqueIdentifier>{00a477cc-a758-4348-800c-f5b7bc75aa3a}</UniqueIdentifier>
    </Filter>
    <Filter Include="04. IntentPipeLine\07. FacingSystem\02. FacingForceSystem">
      <UniqueIdentifier>{a543d051-a3d8-42ea-aa3c-3b9b643cf9d9}</UniqueIdentifier>
    </Filter>
    <Filter Include="04. IntentPipeLine\08. FieldControllerSystem">
      <UniqueIdentifier>{ac8f7911-9c4a-4ac6-917d-0fb5a41d8281}</UniqueIdentifier>
    </Filter>
    <Filter Include="05. Battle\03. BattleSessionSystem">
      <UniqueIdentifier>{d634bc1d-35f1-4b56-918b-a036c15bb546}</UniqueIdentifier>
    </Filter>
    <Filter Include="05. Battle\04. BattleTimelineSystem">
      <UniqueIdentifier>{aff3fab0-40c2-4033-85a6-625c41aed2b8}</UniqueIdentifier>
    </Filter>
    <Filter Include="05. Battle\06. BattleAIController">
      <UniqueIdentifier>{da4ed136-b5a3-4dd2-898e-835a6c235e2e}</UniqueIdentifier>
    </Filter>
    <Filter Include="05. Battle\05. BattleExecutionSystem">
      <UniqueIdentifier>{24d05f91-8319-433c-a7c0-acd29b968682}</UniqueIdentifier>
    </Filter>
    <Filter Include="06. GameMode">
      <UniqueIdentifier>{d8e92a86-54be-4227-88c6-781c0c51017b}</UniqueIdentifier>
    </Filter>
    <Filter Include="06. GameMode\02. BattleOrchestraSystem">
      <UniqueIdentifier>{d1b4d781-421a-4aaa-a981-24db6be462f1}</UniqueIdentifier>
    </Filter>
    <Filter Include="06. GameMode\01. FieldOrchestraSystem">
      <UniqueIdentifier>{5fde460a-32fc-43fe-924b-45b8c2ff7478}</UniqueIdentifier>
    </Filter>
    <Filter Include="06. GameMode\00. GameModeDirectorSystem">
      <UniqueIdentifier>{c314950c-1af4-4585-8120-e5bc5441a320}</UniqueIdentifier>
    </Filter>
    <Filter Include="05. Battle\00. BattleEventBus">
      <UniqueIdentifier>{0b2c4d58-f3f1-48e4-8a3b-76b4675adc12}</UniqueIdentifier>
    </Filter>
    <Filter Include="07. DataSystem">
      <UniqueIdentifier>{e6225a8e-3d71-4379-9d13-571e53cb4b15}</UniqueIdentifier>
    </Filter>
    <Filter Include="07. DataSystem\00. Asset">
      <UniqueIdentifier>{04715722-b9d2-4929-8c1d-57c0770df6f0}</UniqueIdentifier>
    </Filter>
    <Filter Include="07. DataSystem\01. CharacterDataSystem">
      <UniqueIdentifier>{87486a52-9232-481c-849b-34aaf0d0c05d}</UniqueIdentifier>
    </Filter>
    <Filter Include="07. DataSystem\03. ActionAnimRegistry">
      <UniqueIdentifier>{b5c2c75e-eef8-42fc-bc83-412002a03fd4}</UniqueIdentifier>
    </Filter>
    <Filter Include="07. DataSystem\02. AnimDataSystem">
      <UniqueIdentifier>{45653875-c433-46f0-8b2e-2459674ea6be}</UniqueIdentifier>
    </Filter>
    <Filter Include="08. UI">
      <UniqueIdentifier>{cb1ccfd6-cc4c-4b85-b355-03b7862033fe}</UniqueIdentifier>
    </Filter>
    <Filter Include="08. UI\00. UISystem">
      <UniqueIdentifier>{56dca34a-2df1-4837-bf30-ca03b6a2851a}</UniqueIdentifier>
    </Filter>
    <Filter Include="08. UI\01. UIMesh">
      <UniqueIdentifier>{883f53a3-c8b9-4de7-ba3e-538d038fb99d}</UniqueIdentifier>
    </Filter>
    <Filter Include="08. UI\02. UIRegistry">
      <UniqueIdentifier>{c7ace1e7-8d59-48e2-a8cf-aaa9084ed0da}</UniqueIdentifier>
    </Filter>
    <Filter Include="08. UI\03. UIAnimSystem">
      <UniqueIdentifier>{a8f1f88e-75aa-4b10-ba19-8435e91e90bf}</UniqueIdentifier>
    </Filter>
    <Filter Include="05. Battle\07. BattleTargetSystem">
      <UniqueIdentifier>{6e6b2ea6-a9fd-4dc5-a7d5-b63997462627}</UniqueIdentifier>
    </Filter>
    <Filter Include="05. Battle\08. BattleFormationSystem">
      <UniqueIdentifier>{cee37d81-4e54-4db2-a3c6-04c5ea840ed9}</UniqueIdentifier>
    </Filter>
    <Filter Include="05. Battle\09. BattleCameraDirector">
      <UniqueIdentifier>{b0653eeb-d871-4f2c-b4b5-02f9a9665f87}</UniqueIdentifier>
    </Filter>
    <Filter Include="03. EntitySystem\99. RenderSystem\01. RenderSystem">
      <UniqueIdentifier>{8d43fe15-cdf1-4e77-a294-0ea1007ee2bb}</UniqueIdentifier>
    </Filter>
    <Filter Include="05. Battle\99. CamRegistry">
      <UniqueIdentifier>{49bc75fd-403e-4758-954b-1c78ed2fe741}</UniqueIdentifier>
    </Filter>
    <Filter Include="05. Battle\10. BattleTacticSystem">
      <UniqueIdentifier>{9d0fc172-af92-4932-b252-4d40b7cc7bbf}</UniqueIdentifier>
    </Filter>
    <Filter Include="07. DataSystem\04. BattleAttributeSystem">
      <UniqueIdentifier>{ec53f5cf-a354-4659-903e-7a40e63420aa}</UniqueIdentifier>
    </Filter>
    <Filter Include="07. DataSystem\05. SoundSystem">
      <UniqueIdentifier>{5cd4be12-4ee6-4a4c-a039-0e9a869c06af}</UniqueIdentifier>
    </Filter>
    <Filter Include="07. DataSystem\06. SoundRegistry">
      <UniqueIdentifier>{cd37da12-2531-4bc2-9671-fc61850b4b77}</UniqueIdentifier>
    </Filter>
    <Filter Include="98. Utility\06. DebugUtility">
      <UniqueIdentifier>{b9ab068a-165a-4725-8cc9-bc05a81cc02f}</UniqueIdentifier>
    </Filter>
    <Filter Include="02. Resources\04. CBuffer\00. CBufferBank">
      <UniqueIdentifier>{7385b94e-3dfe-46af-94af-9f6b550ee43e}</UniqueIdentifier>
    </Filter>
    <Filter Include="02. Resources\04. CBuffer\01. RingCBAllocator">
      <UniqueIdentifier>{cb581ca1-4687-455d-8cc4-d806c87ef133}</UniqueIdentifier>
    </Filter>
    <Filter Include="02. Resources\08. StructuredBuffer">
      <UniqueIdentifier>{1a9097bf-b63e-44b7-a460-c51d3dc17e26}</UniqueIdentifier>
    </Filter>
    <Filter Include="06. GameMode\04. FieldUIOrchestrator">
      <UniqueIdentifier>{0c26a679-bde7-43cf-851b-797984e1c8fc}</UniqueIdentifier>
    </Filter>
    <Filter Include="06. GameMode\05. BattleUIOrchestrator">
      <UniqueIdentifier>{f265d902-b04b-47ef-ae6f-f23b2651414f}</UniqueIdentifier>
    </Filter>
    <Filter Include="06. GameMode\06. LogoUIOrchestrator">
      <UniqueIdentifier>{f8890ad2-9d13-4238-94d7-0dc5c873c2c1}</UniqueIdentifier>
    </Filter>
    <Filter Include="06. GameMode\03. LogoOrchestraSystem">
      <UniqueIdentifier>{5e3c583d-fdeb-4afc-9b4e-943f3174337f}</UniqueIdentifier>
    </Filter>
    <Filter Include="09. Effect">
      <UniqueIdentifier>{3cd04d25-3185-4e00-b19e-69d7155352ee}</UniqueIdentifier>
    </Filter>
    <Filter Include="08. UI\14. BattleTimelinePresenter">
      <UniqueIdentifier>{baa10096-736b-4249-be69-00a23f5a8f90}</UniqueIdentifier>
    </Filter>
    <Filter Include="08. UI\15. PlayerInputPresenter">
      <UniqueIdentifier>{7af60662-afc0-46e2-b228-aac80fd8bf04}</UniqueIdentifier>
    </Filter>
    <Filter Include="08. UI\16. BattleHUDPresenter">
      <UniqueIdentifier>{d309d407-d59a-4f66-9e02-073ed45348da}</UniqueIdentifier>
    </Filter>
    <Filter Include="08. UI\17. BattleFataiDrivePresenter">
      <UniqueIdentifier>{11e82f07-7400-4004-8cc4-3b9bbf50b18f}</UniqueIdentifier>
    </Filter>
    <Filter Include="08. UI\18. BattleDamagePresenter">
      <UniqueIdentifier>{1ad8e18e-bb46-4d22-be72-413c192f23b3}</UniqueIdentifier>
    </Filter>
    <Filter Include="08. UI\19. LogoMenuPresenter">
      <UniqueIdentifier>{0782c69b-14fc-4342-8648-f78edb7f6ffc}</UniqueIdentifier>
    </Filter>
    <Filter Include="08. UI\20. FieldMinimapPresenter">
      <UniqueIdentifier>{6d204554-eb27-48a5-a22b-3e6123a75980}</UniqueIdentifier>
    </Filter>
    <Filter Include="08. UI\21. BattleMinimapPresenter">
      <UniqueIdentifier>{f7b651ab-3111-4021-9882-7fbaa1e05ac8}</UniqueIdentifier>
    </Filter>
    <Filter Include="08. UI\04. UIMinimapSystem">
      <UniqueIdentifier>{4839560e-8397-4a86-bfc4-d0320825e79a}</UniqueIdentifier>
    </Filter>
    <Filter Include="01. Utility">
      <UniqueIdentifier>{496ca546-8bb0-4eda-844d-6edfa38c590b}</UniqueIdentifier>
    </Filter>
    <Filter Include="01. Utility\00. Levels">
      <UniqueIdentifier>{6ba4401d-4246-4c9f-88e0-bcba5704ad49}</UniqueIdentifier>
    </Filter>
    <Filter Include="01. Utility\00. Levels\Level">
      <UniqueIdentifier>{614a454a-1a5d-43e3-8047-d8535f3344da}</UniqueIdentifier>
    </Filter>
    <Filter Include="01. Utility\00. Levels\LevelMgr">
      <UniqueIdentifier>{a498c635-b36b-4fac-ae7a-016f53ca0522}</UniqueIdentifier>
    </Filter>
    <Filter Include="01. Utility\01. EntityMgr">
      <UniqueIdentifier>{0934c0ab-fab4-4865-bbda-7c2b08f5a109}</UniqueIdentifier>
    </Filter>
    <Filter Include="01. Utility\02. EntitySpawner">
      <UniqueIdentifier>{ee0a9533-c49b-498b-ab59-fc1ce41dd7e9}</UniqueIdentifier>
    </Filter>
    <Filter Include="01. Utility\03. TagSystem">
      <UniqueIdentifier>{0a356cce-6692-4400-81b2-077ae4f1ac07}</UniqueIdentifier>
    </Filter>
    <Filter Include="01. Utility\99. Interface">
      <UniqueIdentifier>{4bb76d0d-40b8-4e0f-9f99-5bd4798c822a}</UniqueIdentifier>
    </Filter>
    <Filter Include="01. Utility\98. InputLayout">
      <UniqueIdentifier>{5e05cf96-c0ce-4e1e-b2f3-c544acaadb95}</UniqueIdentifier>
    </Filter>
    <Filter Include="01. Utility\04. WorldSerializer">
      <UniqueIdentifier>{c0b8825c-642e-4bf7-8132-4a3bfc309755}</UniqueIdentifier>
    </Filter>
    <Filter Include="01. Utility\00. SystemRegistrty">
      <UniqueIdentifier>{cc33cfe7-86dc-4c21-bf93-a8ffdc7d7f2c}</UniqueIdentifier>
    </Filter>
    <Filter Include="07. DataSystem\07. FontSystem">
      <UniqueIdentifier>{b411a5ce-a3fc-4fc3-81bc-e380d3cd093c}</UniqueIdentifier>
    </Filter>
    <Filter Include="07. DataSystem\08. TextLayoutSystem">
      <UniqueIdentifier>{de01bafc-e966-424b-8164-f84f509be923}</UniqueIdentifier>
    </Filter>
    <Filter Include="07. DataSystem\09. FontLoader">
      <UniqueIdentifier>{3b467b0a-b67a-4e57-af72-4b1c83d64ccf}</UniqueIdentifier>
    </Filter>
    <Filter Include="08. UI\22. WorldMapPresenter">
      <UniqueIdentifier>{66b43cef-a67a-43fc-b299-4a6b194979ec}</UniqueIdentifier>
    </Filter>
    <Filter Include="08. UI\23. ScreenFadeSystem">
      <UniqueIdentifier>{38c2fb87-871e-461a-8d7c-e550fce36515}</UniqueIdentifier>
    </Filter>
    <Filter Include="100.ShaderFiles">
      <UniqueIdentifier>{2e7b3315-952b-410f-890b-1cb62b68a5eb}</UniqueIdentifier>
    </Filter>
    <Filter Include="100.ShaderFiles\01. HS">
      <UniqueIdentifier>{d077f3f8-bc8f-4d0a-838b-453675f80368}</UniqueIdentifier>
    </Filter>
    <Filter Include="100.ShaderFiles\02. DS">
      <UniqueIdentifier>{7b449bcc-8967-43e1-9505-2717bd7162be}</UniqueIdentifier>
    </Filter>
    <Filter Include="100.ShaderFiles\00. VS">
      <UniqueIdentifier>{7235c739-6d96-4b23-98c8-7b3767fa7237}</UniqueIdentifier>
    </Filter>
    <Filter Include="100.ShaderFiles\99. GBuffer">
      <UniqueIdentifier>{14995770-9e71-450d-9be6-a7e09f6b56a9}</UniqueIdentifier>
    </Filter>
    <Filter Include="100.ShaderFiles\99. GBuffer\00. Deferred_Directional">
      <UniqueIdentifier>{7031ff7f-4ec9-4f0d-aabc-198c9df62d7e}</UniqueIdentifier>
    </Filter>
    <Filter Include="100.ShaderFiles\99. GBuffer\01. Deferred_Composite">
      <UniqueIdentifier>{b676b626-d0e2-4228-82f1-a3511803bef4}</UniqueIdentifier>
    </Filter>
    <Filter Include="100.ShaderFiles\03. PS">
      <UniqueIdentifier>{0b543659-d9c2-483e-8921-c84aeff4b6b5}</UniqueIdentifier>
    </Filter>
    <Filter Include="08. UI\24. LoadingPresenter">
      <UniqueIdentifier>{3c734840-6ea8-4179-9d6e-8ac54c8aae73}</UniqueIdentifier>
    </Filter>
    <Filter Include="100.ShaderFiles\99. GBuffer\02. Distortion">
      <UniqueIdentifier>{89fd1bea-c69e-4e05-80a5-2726afcece2b}</UniqueIdentifier>
    </Filter>
    <Filter Include="08. UI\25. ScreenDistortionSystem">
      <UniqueIdentifier>{78dce711-073e-4090-a51a-227aee13edd3}</UniqueIdentifier>
    </Filter>
    <Filter Include="09. Effect\98. EffectSystem">
      <UniqueIdentifier>{63e2bc8c-5673-40aa-820a-43a270daa169}</UniqueIdentifier>
    </Filter>
    <Filter Include="09. Effect\00. ParticleSystem">
      <UniqueIdentifier>{7484eb5f-cac3-4645-b33d-6da4e43c98dc}</UniqueIdentifier>
    </Filter>
    <Filter Include="09. Effect\01. ParticleMesh">
      <UniqueIdentifier>{d4fe5632-a4e0-409e-b69c-e5a54c64e7b6}</UniqueIdentifier>
    </Filter>
    <Filter Include="01. Utility\05. EffectSerializer">
      <UniqueIdentifier>{96aece8f-755d-4673-8ff7-bb86fea52e28}</UniqueIdentifier>
    </Filter>
    <Filter Include="98. Utility\07. EffectUtility">
      <UniqueIdentifier>{f421e6e3-fbd4-4173-8997-2bfd19b92f0e}</UniqueIdentifier>
    </Filter>
    <Filter Include="09. Effect\02. TrailSystem">
      <UniqueIdentifier>{b5403a68-8c79-4c6a-bdbc-edf7a62919a1}</UniqueIdentifier>
    </Filter>
    <Filter Include="09. Effect\03. TrailMesh">
      <UniqueIdentifier>{485eab1b-491d-4a34-b28a-d559ff24766b}</UniqueIdentifier>
    </Filter>
    <Filter Include="05. Battle\11. ActionCamRegistry">
      <UniqueIdentifier>{ee50f141-f568-49ce-8cbe-35f5fb7a7793}</UniqueIdentifier>
    </Filter>
    <Filter Include="08. UI\26. BattleTargetHUDPresenter">
      <UniqueIdentifier>{ed20fbdf-8ebb-4719-870a-37b4655ad04a}</UniqueIdentifier>
    </Filter>
    <Filter Include="08. UI\27. BattleBoardPresenter">
      <UniqueIdentifier>{eb5e1403-fa9c-43ea-9bed-44e4a739fe28}</UniqueIdentifier>
    </Filter>
    <Filter Include="08. UI\28. DressingRoomPresenter">
      <UniqueIdentifier>{50179c5c-811c-4b9f-8135-dc11196c7881}</UniqueIdentifier>
    </Filter>
    <Filter Include="01. Utility\06. CamSerializer">
      <UniqueIdentifier>{9b78def5-ffab-4fb5-8c5d-e8feb4cd0d8c}</UniqueIdentifier>
    </Filter>
    <Filter Include="09. Effect\04. ActionFxRegistry">
      <UniqueIdentifier>{2a4fff63-e7c2-4592-8b84-13c10b00ac8d}</UniqueIdentifier>
    </Filter>
    <Filter Include="05. Battle\12. BattleRewardSystem">
      <UniqueIdentifier>{eaf2e378-e876-44a5-9df5-4428e343ebc2}</UniqueIdentifier>
    </Filter>
    <Filter Include="00. Engine">
      <UniqueIdentifier>{c369a9e6-e8eb-48b5-99c6-edffc84649d0}</UniqueIdentifier>
    </Filter>
    <Filter Include="00. Engine\00. GameInstance">
      <UniqueIdentifier>{2b596afd-3d9b-48b1-b20a-5dfd3f62d2b7}</UniqueIdentifier>
    </Filter>
    <Filter Include="00. Engine\02. Timers">
      <UniqueIdentifier>{c97f1f5c-8ba0-4891-b59c-41c4710a0382}</UniqueIdentifier>
    </Filter>
    <Filter Include="00. Engine\02. Timers\Timer">
      <UniqueIdentifier>{bd06b575-34b6-467d-8c76-bc1c6b0923d3}</UniqueIdentifier>
    </Filter>
    <Filter Include="00. Engine\02. Timers\TimeMgr">
      <UniqueIdentifier>{b1affd2e-adbb-4706-8f83-1c161dc05b18}</UniqueIdentifier>
    </Filter>
    <Filter Include="00. Engine\03. InputMgr">
      <UniqueIdentifier>{f77382b3-5ad2-4f6c-8a38-0c105aa45a33}</UniqueIdentifier>
    </Filter>
    <Filter Include="00. Engine\04. ImGui">
      <UniqueIdentifier>{66f353c6-8a29-4b02-a9bf-26abcff5863d}</UniqueIdentifier>
    </Filter>
    <Filter Include="00. Engine\04. ImGui\Imgui">
      <UniqueIdentifier>{43874fb7-84f3-4f82-8f2a-7b3db4d8d745}</UniqueIdentifier>
    </Filter>
    <Filter Include="00. Engine\04. ImGui\GuiPanel">
      <UniqueIdentifier>{fc9f63f3-1966-408c-9ec1-f625b7c0944d}</UniqueIdentifier>
    </Filter>
    <Filter Include="00. Engine\04. ImGui\HierachyPanel">
      <UniqueIdentifier>{8f397f6e-4005-4204-a321-0ced3d27cf73}</UniqueIdentifier>
    </Filter>
    <Filter Include="00. Engine\04. ImGui\InspectorPanel">
      <UniqueIdentifier>{ec65ef70-af1a-4e97-851d-92c5cf970737}</UniqueIdentifier>
    </Filter>
    <Filter Include="00. Engine\04. ImGui\FpsPanel">
      <UniqueIdentifier>{37b77e7a-1e25-4f4e-8b6a-bb79d7701066}</UniqueIdentifier>
    </Filter>
    <Filter Include="00. Engine\04. ImGui\GuiMgr">
      <UniqueIdentifier>{01632c57-36c4-49f1-8a9a-ce867f743be6}</UniqueIdentifier>
    </Filter>
    <Filter Include="00. Engine\01. Device">
      <UniqueIdentifier>{da1a1fc0-9f0c-4c27-8d51-435f805ec8f9}</UniqueIdentifier>
    </Filter>
    <Filter Include="00. Engine\05. RenderTargetSystem">
      <UniqueIdentifier>{bbfec900-ac89-49bf-a869-a3ef6de4f9e6}</UniqueIdentifier>
    </Filter>
    <Filter Include="00. Engine\05. RenderTargetSystem\01, RenderTargetMinimap">
      <UniqueIdentifier>{a53f7e8e-ad1e-4f43-92b5-69161373e294}</UniqueIdentifier>
    </Filter>
  </ItemGroup>
  <ItemGroup>
    <ClInclude Include="..\public\Singleton.h">
      <Filter>98. Utility\Singleton</Filter>
    </ClInclude>
    <ClInclude Include="..\public\Enginepch.h">
      <Filter>99. Etc\pch</Filter>
    </ClInclude>
    <ClInclude Include="..\public\Engine_Enum.h">
      <Filter>99. Etc\Etc</Filter>
    </ClInclude>
    <ClInclude Include="..\public\Engine_Macro.h">
      <Filter>99. Etc\Etc</Filter>
    </ClInclude>
    <ClInclude Include="..\public\Engine_Struct.h">
      <Filter>99. Etc\Etc</Filter>
    </ClInclude>
    <ClInclude Include="..\public\Level.h">
      <Filter>01. Utility\00. Levels\Level</Filter>
    </ClInclude>
    <ClInclude Include="..\public\TransformData.h">
      <Filter>03. EntitySystem\00. Transform</Filter>
    </ClInclude>
    <ClInclude Include="..\public\Renderer.h">
      <Filter>03. EntitySystem\99. RenderSystem\02. Renderer</Filter>
    </ClInclude>
    <ClInclude Include="..\public\Shader.h">
      <Filter>02. Resources\03. Shader</Filter>
    </ClInclude>
    <ClInclude Include="..\public\Material.h">
      <Filter>02. Resources\01. Material</Filter>
    </ClInclude>
    <ClInclude Include="..\public\Texture.h">
      <Filter>02. Resources\02. Texture</Filter>
    </ClInclude>
    <ClInclude Include="..\public\CBuffer.h">
      <Filter>02. Resources\04. CBuffer</Filter>
    </ClInclude>
    <ClInclude Include="..\public\Engine_InputLayout.h">
      <Filter>99. Etc\Etc</Filter>
    </ClInclude>
    <ClInclude Include="..\public\Engine_Typedef.h">
      <Filter>99. Etc\Etc</Filter>
    </ClInclude>
    <ClInclude Include="..\public\Engine_Colors.h">
      <Filter>99. Etc\Etc</Filter>
    </ClInclude>
    <ClInclude Include="..\public\LevelMgr.h">
      <Filter>01. Utility\00. Levels\LevelMgr</Filter>
    </ClInclude>
    <ClInclude Include="..\public\Mesh.h">
      <Filter>02. Resources\01. Mesh</Filter>
    </ClInclude>
    <ClInclude Include="..\public\Model.h">
      <Filter>02. Resources\05. Model</Filter>
    </ClInclude>
    <ClInclude Include="..\public\PathMgr.h">
      <Filter>02. Resources\97. PathMgr</Filter>
    </ClInclude>
    <ClInclude Include="resource.h" />
    <ClInclude Include="..\public\Skeleton.h">
      <Filter>02. Resources\07. Skeleton</Filter>
    </ClInclude>
    <ClInclude Include="..\public\Bone.h">
      <Filter>02. Resources\06. Bone</Filter>
    </ClInclude>
    <ClInclude Include="..\public\Entity.h">
      <Filter>01. Utility</Filter>
    </ClInclude>
    <ClInclude Include="..\public\TransformSystem.h">
      <Filter>03. EntitySystem\00. Transform\TransformSystem</Filter>
    </ClInclude>
    <ClInclude Include="..\public\AnimatorSystem.h">
      <Filter>03. EntitySystem\01. Animator\00. AnimatorSystem</Filter>
    </ClInclude>
    <ClInclude Include="..\public\MouthSystem.h">
      <Filter>03. EntitySystem\01. Animator\02. MouthSystem</Filter>
    </ClInclude>
    <ClInclude Include="..\public\MouthData.h">
      <Filter>03. EntitySystem\01. Animator\02. MouthSystem</Filter>
    </ClInclude>
    <ClInclude Include="..\public\AnimData.h">
      <Filter>03. EntitySystem\01. Animator\00. AnimatorSystem</Filter>
    </ClInclude>
    <ClInclude Include="..\public\FaceData.h">
      <Filter>03. EntitySystem\01. Animator\01. FaceSystem</Filter>
    </ClInclude>
    <ClInclude Include="..\public\FaceSystem.h">
      <Filter>03. EntitySystem\01. Animator\01. FaceSystem</Filter>
    </ClInclude>
    <ClInclude Include="..\public\SocketData.h">
      <Filter>03. EntitySystem\02. Socket</Filter>
    </ClInclude>
    <ClInclude Include="..\public\SocketSystem.h">
      <Filter>03. EntitySystem\02. Socket</Filter>
    </ClInclude>
    <ClInclude Include="..\public\CameraData.h">
      <Filter>03. EntitySystem\03. Camera\00. CameraSystem</Filter>
    </ClInclude>
    <ClInclude Include="..\public\CameraSystem.h">
      <Filter>03. EntitySystem\03. Camera\00. CameraSystem</Filter>
    </ClInclude>
    <ClInclude Include="..\public\FreeCamData.h">
      <Filter>03. EntitySystem\03. Camera\01. FreeCamSystem</Filter>
    </ClInclude>
    <ClInclude Include="..\public\FreeCamSystem.h">
      <Filter>03. EntitySystem\03. Camera\01. FreeCamSystem</Filter>
    </ClInclude>
    <ClInclude Include="..\public\LightData.h">
      <Filter>03. EntitySystem\04. Light</Filter>
    </ClInclude>
    <ClInclude Include="..\public\LightSystem.h">
      <Filter>03. EntitySystem\04. Light</Filter>
    </ClInclude>
    <ClInclude Include="..\public\ModelData.h">
      <Filter>03. EntitySystem\05. Model</Filter>
    </ClInclude>
    <ClInclude Include="..\public\ModelSystem.h">
      <Filter>03. EntitySystem\05. Model</Filter>
    </ClInclude>
    <ClInclude Include="..\public\LayerData.h">
      <Filter>03. EntitySystem\06. Layer</Filter>
    </ClInclude>
    <ClInclude Include="..\public\LayerSystem.h">
      <Filter>03. EntitySystem\06. Layer</Filter>
    </ClInclude>
    <ClInclude Include="..\public\EntitySystem.h">
      <Filter>01. Utility</Filter>
    </ClInclude>
    <ClInclude Include="..\public\EntityMgr.h">
      <Filter>01. Utility\01. EntityMgr</Filter>
    </ClInclude>
    <ClInclude Include="..\public\LayerUtil.h">
      <Filter>03. EntitySystem\06. Layer</Filter>
    </ClInclude>
    <ClInclude Include="..\public\EntitySpawner.h">
      <Filter>01. Utility\02. EntitySpawner</Filter>
    </ClInclude>
    <ClInclude Include="..\public\EntityHandles.h">
      <Filter>01. Utility\02. EntitySpawner</Filter>
    </ClInclude>
    <ClInclude Include="..\public\TagSystem.h">
      <Filter>01. Utility\03. TagSystem</Filter>
    </ClInclude>
    <ClInclude Include="..\public\TagUtil.h">
      <Filter>01. Utility\03. TagSystem</Filter>
    </ClInclude>
    <ClInclude Include="..\public\TextureUtil.h">
      <Filter>02. Resources\02. Texture</Filter>
    </ClInclude>
    <ClInclude Include="..\public\ShaderUtil.h">
      <Filter>02. Resources\03. Shader</Filter>
    </ClInclude>
    <ClInclude Include="..\public\MaterialUtil.h">
      <Filter>02. Resources\01. Material</Filter>
    </ClInclude>
    <ClInclude Include="..\public\AssetCache.h">
      <Filter>07. DataSystem\00. Asset</Filter>
    </ClInclude>
    <ClInclude Include="..\public\AssetRegistry.h">
      <Filter>07. DataSystem\00. Asset</Filter>
    </ClInclude>
    <ClInclude Include="..\public\AssetSystem.h">
      <Filter>07. DataSystem\00. Asset</Filter>
    </ClInclude>
    <ClInclude Include="..\public\ModelUtil.h">
      <Filter>02. Resources\05. Model</Filter>
    </ClInclude>
    <ClInclude Include="..\public\InputLayoutBuilder.h">
      <Filter>01. Utility\98. InputLayout</Filter>
    </ClInclude>
    <ClInclude Include="..\public\InputLayoutUtil.h">
      <Filter>01. Utility\98. InputLayout</Filter>
    </ClInclude>
    <ClInclude Include="..\public\GridData.h">
      <Filter>03. EntitySystem\07. Grid</Filter>
    </ClInclude>
    <ClInclude Include="..\public\GridSystem.h">
      <Filter>03. EntitySystem\07. Grid</Filter>
    </ClInclude>
    <ClInclude Include="..\public\PickingData.h">
      <Filter>03. EntitySystem\08. Picking</Filter>
    </ClInclude>
    <ClInclude Include="..\public\PickingSystem.h">
      <Filter>03. EntitySystem\08. Picking</Filter>
    </ClInclude>
    <ClInclude Include="..\public\IGuiRenderable.h">
      <Filter>01. Utility\99. Interface</Filter>
    </ClInclude>
    <ClInclude Include="..\public\IOwnsEntities.h">
      <Filter>01. Utility\99. Interface</Filter>
    </ClInclude>
    <ClInclude Include="..\public\IReservable.h">
      <Filter>01. Utility\99. Interface</Filter>
    </ClInclude>
    <ClInclude Include="..\public\MeshUtil.h">
      <Filter>02. Resources\01. Mesh</Filter>
    </ClInclude>
    <ClInclude Include="..\public\GuiUtility.h">
      <Filter>98. Utility\01. GuiUtility</Filter>
    </ClInclude>
    <ClInclude Include="..\public\Utility.h">
      <Filter>98. Utility\00. Utility</Filter>
    </ClInclude>
    <ClInclude Include="..\public\GuiUtil.h">
      <Filter>98. Utility\01. GuiUtility</Filter>
    </ClInclude>
    <ClInclude Include="..\public\SelectionData.h">
      <Filter>03. EntitySystem\09. SelectionSystem</Filter>
    </ClInclude>
    <ClInclude Include="..\public\SelectionSystem.h">
      <Filter>03. EntitySystem\09. SelectionSystem</Filter>
    </ClInclude>
    <ClInclude Include="..\public\GpuUtil.h">
      <Filter>98. Utility\02. GpuUtil</Filter>
    </ClInclude>
    <ClInclude Include="..\public\RenderSystemData.h">
      <Filter>03. EntitySystem\99. RenderSystem\00. RenderData</Filter>
    </ClInclude>
    <ClInclude Include="..\public\RenderSystem.h">
      <Filter>03. EntitySystem\99. RenderSystem\01. RenderSystem</Filter>
    </ClInclude>
    <ClInclude Include="..\public\RenderProxies.h">
      <Filter>03. EntitySystem\99. RenderSystem\00. RenderData</Filter>
    </ClInclude>
    <ClInclude Include="..\public\HighlightData.h">
      <Filter>03. EntitySystem\11. HighlightSystem</Filter>
    </ClInclude>
    <ClInclude Include="..\public\HighlightSystem.h">
      <Filter>03. EntitySystem\11. HighlightSystem</Filter>
    </ClInclude>
    <ClInclude Include="..\public\JsonUtil.h">
      <Filter>98. Utility\04. JsonUtil</Filter>
    </ClInclude>
    <ClInclude Include="..\public\BinaryUtil.h">
      <Filter>98. Utility\05. BinaryUtil</Filter>
    </ClInclude>
    <ClInclude Include="..\public\WorldInstanceData.h">
      <Filter>01. Utility\04. WorldSerializer</Filter>
    </ClInclude>
    <ClInclude Include="..\public\WorldSerializer.h">
      <Filter>01. Utility\04. WorldSerializer</Filter>
    </ClInclude>
    <ClInclude Include="..\public\FieldControllerSystem.h">
      <Filter>04. IntentPipeLine\08. FieldControllerSystem</Filter>
    </ClInclude>
    <ClInclude Include="..\public\FieldControllerData.h">
      <Filter>04. IntentPipeLine\08. FieldControllerSystem</Filter>
    </ClInclude>
    <ClInclude Include="..\public\MoveStateData.h">
      <Filter>04. IntentPipeLine\05. MovementSystem\00. MoveStateSystem</Filter>
    </ClInclude>
    <ClInclude Include="..\public\MoveStateSystem.h">
      <Filter>04. IntentPipeLine\05. MovementSystem\00. MoveStateSystem</Filter>
    </ClInclude>
    <ClInclude Include="..\public\MoveProfileSystem.h">
      <Filter>04. IntentPipeLine\05. MovementSystem\01. MoveProfileSystem</Filter>
    </ClInclude>
    <ClInclude Include="..\public\MoveIntentSystem.h">
      <Filter>04. IntentPipeLine\05. MovementSystem\02. MoveIntentSystem</Filter>
    </ClInclude>
    <ClInclude Include="..\public\MoveProfileData.h">
      <Filter>04. IntentPipeLine\05. MovementSystem\01. MoveProfileSystem</Filter>
    </ClInclude>
    <ClInclude Include="..\public\MoveIntentData.h">
      <Filter>04. IntentPipeLine\05. MovementSystem\02. MoveIntentSystem</Filter>
    </ClInclude>
    <ClInclude Include="..\public\InputGate.h">
      <Filter>04. IntentPipeLine\01. InputGate</Filter>
    </ClInclude>
    <ClInclude Include="..\public\IntentCollector.h">
      <Filter>04. IntentPipeLine\02. IntentCollector</Filter>
    </ClInclude>
    <ClInclude Include="..\public\IntentMerger.h">
      <Filter>04. IntentPipeLine\03. IntentMerger</Filter>
    </ClInclude>
    <ClInclude Include="..\public\InputService.h">
      <Filter>04. IntentPipeLine\00. InputService</Filter>
    </ClInclude>
    <ClInclude Include="..\public\CollisionData.h">
      <Filter>03. EntitySystem\10. CollisionSystem\00. CollisionSystem</Filter>
    </ClInclude>
    <ClInclude Include="..\public\CollisionSystem.h">
      <Filter>03. EntitySystem\10. CollisionSystem\00. CollisionSystem</Filter>
    </ClInclude>
    <ClInclude Include="..\public\MeshColliderData.h">
      <Filter>03. EntitySystem\10. CollisionSystem\01. MeshColliderSystem</Filter>
    </ClInclude>
    <ClInclude Include="..\public\MeshColliderSystem.h">
      <Filter>03. EntitySystem\10. CollisionSystem\01. MeshColliderSystem</Filter>
    </ClInclude>
    <ClInclude Include="..\public\CBufferTypes.h">
      <Filter>02. Resources\04. CBuffer</Filter>
    </ClInclude>
    <ClInclude Include="..\public\SkyboxSystem.h">
      <Filter>03. EntitySystem\14. SkyboxSystem</Filter>
    </ClInclude>
    <ClInclude Include="..\public\SkyboxData.h">
      <Filter>03. EntitySystem\14. SkyboxSystem</Filter>
    </ClInclude>
    <ClInclude Include="..\public\NavMeshSystem.h">
      <Filter>03. EntitySystem\15. NavMeshSystem</Filter>
    </ClInclude>
    <ClInclude Include="..\public\NavMeshData.h">
      <Filter>03. EntitySystem\15. NavMeshSystem</Filter>
    </ClInclude>
    <ClInclude Include="..\public\FieldAnimSystem.h">
      <Filter>04. IntentPipeLine\06. FieldAnimSystem</Filter>
    </ClInclude>
    <ClInclude Include="..\public\FieldAnimData.h">
      <Filter>04. IntentPipeLine\06. FieldAnimSystem</Filter>
    </ClInclude>
    <ClInclude Include="..\public\ComponentPool.h">
      <Filter>01. Utility</Filter>
    </ClInclude>
    <ClInclude Include="..\public\InputRouting.h">
      <Filter>04. IntentPipeLine\00. InputService</Filter>
    </ClInclude>
    <ClInclude Include="..\public\OrbitCamData.h">
      <Filter>03. EntitySystem\03. Camera\02. OribitCamSystem</Filter>
    </ClInclude>
    <ClInclude Include="..\public\OrbitCamSystem.h">
      <Filter>03. EntitySystem\03. Camera\02. OribitCamSystem</Filter>
    </ClInclude>
    <ClInclude Include="..\public\BattleControllerData.h">
      <Filter>05. Battle\02. BattleControllerSystem</Filter>
    </ClInclude>
    <ClInclude Include="..\public\BattleControllerSystem.h">
      <Filter>05. Battle\02. BattleControllerSystem</Filter>
    </ClInclude>
    <ClInclude Include="..\public\AnimDataSystem.h">
      <Filter>07. DataSystem\02. AnimDataSystem</Filter>
    </ClInclude>
    <ClInclude Include="..\public\CharaAnimData.h">
      <Filter>07. DataSystem\02. AnimDataSystem</Filter>
    </ClInclude>
    <ClInclude Include="..\public\BattleIntroSystem.h">
      <Filter>05. Battle\01. BattleIntroSystem</Filter>
    </ClInclude>
    <ClInclude Include="..\public\BattleIntroData.h">
      <Filter>05. Battle\01. BattleIntroSystem</Filter>
    </ClInclude>
    <ClInclude Include="..\public\JumpData.h">
      <Filter>04. IntentPipeLine\05. MovementSystem\03. JumpSystem</Filter>
    </ClInclude>
    <ClInclude Include="..\public\JumpSystem.h">
      <Filter>04. IntentPipeLine\05. MovementSystem\03. JumpSystem</Filter>
    </ClInclude>
    <ClInclude Include="..\public\FacingData.h">
      <Filter>04. IntentPipeLine\07. FacingSystem\00. FacingSystem</Filter>
    </ClInclude>
    <ClInclude Include="..\public\FacingSystem.h">
      <Filter>04. IntentPipeLine\07. FacingSystem\00. FacingSystem</Filter>
    </ClInclude>
    <ClInclude Include="..\public\FacingBlockService.h">
      <Filter>04. IntentPipeLine\07. FacingSystem\01. FacingBlockService</Filter>
    </ClInclude>
    <ClInclude Include="..\public\FacingForceService.h">
      <Filter>04. IntentPipeLine\07. FacingSystem\02. FacingForceSystem</Filter>
    </ClInclude>
    <ClInclude Include="..\public\FacingBlockData.h">
      <Filter>04. IntentPipeLine\07. FacingSystem\01. FacingBlockService</Filter>
    </ClInclude>
    <ClInclude Include="..\public\FacingForceData.h">
      <Filter>04. IntentPipeLine\07. FacingSystem\02. FacingForceSystem</Filter>
    </ClInclude>
    <ClInclude Include="..\public\BattleSessionSystem.h">
      <Filter>05. Battle\03. BattleSessionSystem</Filter>
    </ClInclude>
    <ClInclude Include="..\public\BattleSessionData.h">
      <Filter>05. Battle\03. BattleSessionSystem</Filter>
    </ClInclude>
    <ClInclude Include="..\public\BattleTimelineData.h">
      <Filter>05. Battle\04. BattleTimelineSystem</Filter>
    </ClInclude>
    <ClInclude Include="..\public\BattleTimelineSystem.h">
      <Filter>05. Battle\04. BattleTimelineSystem</Filter>
    </ClInclude>
    <ClInclude Include="..\public\ActionAnimRegistry.h">
      <Filter>07. DataSystem\03. ActionAnimRegistry</Filter>
    </ClInclude>
    <ClInclude Include="..\public\ActionAnimData.h">
      <Filter>07. DataSystem\03. ActionAnimRegistry</Filter>
    </ClInclude>
    <ClInclude Include="..\public\BattleExecutionData.h">
      <Filter>05. Battle\05. BattleExecutionSystem</Filter>
    </ClInclude>
    <ClInclude Include="..\public\BattleOrchestraSystem.h">
      <Filter>06. GameMode\02. BattleOrchestraSystem</Filter>
    </ClInclude>
    <ClInclude Include="..\public\FieldOrchestraSystem.h">
      <Filter>06. GameMode\01. FieldOrchestraSystem</Filter>
    </ClInclude>
    <ClInclude Include="..\public\GameModeDirectorSystem.h">
      <Filter>06. GameMode\00. GameModeDirectorSystem</Filter>
    </ClInclude>
    <ClInclude Include="..\public\BattleOrchestraData.h">
      <Filter>06. GameMode\02. BattleOrchestraSystem</Filter>
    </ClInclude>
    <ClInclude Include="..\public\CharacterDataSystem.h">
      <Filter>07. DataSystem\01. CharacterDataSystem</Filter>
    </ClInclude>
    <ClInclude Include="..\public\CharacterData.h">
      <Filter>07. DataSystem\01. CharacterDataSystem</Filter>
    </ClInclude>
    <ClInclude Include="..\public\BattleEventBusData.h">
      <Filter>05. Battle\00. BattleEventBus</Filter>
    </ClInclude>
    <ClInclude Include="..\public\BattleEventBus.h">
      <Filter>05. Battle\00. BattleEventBus</Filter>
    </ClInclude>
    <ClInclude Include="..\public\BattleData.h">
      <Filter>05. Battle</Filter>
    </ClInclude>
    <ClInclude Include="..\public\UIData_Enum.h">
      <Filter>08. UI</Filter>
    </ClInclude>
    <ClInclude Include="..\public\UIData_Struct.h">
      <Filter>08. UI</Filter>
    </ClInclude>
    <ClInclude Include="..\public\UISystem.h">
      <Filter>08. UI\00. UISystem</Filter>
    </ClInclude>
    <ClInclude Include="..\public\UIMesh.h">
      <Filter>08. UI\01. UIMesh</Filter>
    </ClInclude>
    <ClInclude Include="..\public\UIRegistry.h">
      <Filter>08. UI\02. UIRegistry</Filter>
    </ClInclude>
    <ClInclude Include="..\public\UIRegistryData.h">
      <Filter>08. UI\02. UIRegistry</Filter>
    </ClInclude>
    <ClInclude Include="..\public\BattleUIOrchestrator.h">
      <Filter>06. GameMode\05. BattleUIOrchestrator</Filter>
    </ClInclude>
    <ClInclude Include="..\public\FieldUIOrchestrator.h">
      <Filter>06. GameMode\04. FieldUIOrchestrator</Filter>
    </ClInclude>
    <ClInclude Include="..\public\UIAnimSystem.h">
      <Filter>08. UI\03. UIAnimSystem</Filter>
    </ClInclude>
    <ClInclude Include="..\public\BattleTimelinePresenter.h">
      <Filter>08. UI\14. BattleTimelinePresenter</Filter>
    </ClInclude>
    <ClInclude Include="..\public\TimelinePresenterData.h">
      <Filter>08. UI\14. BattleTimelinePresenter</Filter>
    </ClInclude>
    <ClInclude Include="..\public\BattleAIControllerSystem.h">
      <Filter>05. Battle\06. BattleAIController</Filter>
    </ClInclude>
    <ClInclude Include="..\public\BattleAIData.h">
      <Filter>05. Battle\06. BattleAIController</Filter>
    </ClInclude>
    <ClInclude Include="..\public\BattleTargetSystem.h">
      <Filter>05. Battle\07. BattleTargetSystem</Filter>
    </ClInclude>
    <ClInclude Include="..\public\BattleTargetData.h">
      <Filter>05. Battle\07. BattleTargetSystem</Filter>
    </ClInclude>
    <ClInclude Include="..\public\BattleFormationSystem.h">
      <Filter>05. Battle\08. BattleFormationSystem</Filter>
    </ClInclude>
    <ClInclude Include="..\public\BattleFormationData.h">
      <Filter>05. Battle\08. BattleFormationSystem</Filter>
    </ClInclude>
    <ClInclude Include="..\public\BattleCameraDirector.h">
      <Filter>05. Battle\09. BattleCameraDirector</Filter>
    </ClInclude>
    <ClInclude Include="..\public\BattleCamera_Enum.h">
      <Filter>05. Battle\09. BattleCameraDirector</Filter>
    </ClInclude>
    <ClInclude Include="..\public\BattleCamera_Struct.h">
      <Filter>05. Battle\09. BattleCameraDirector</Filter>
    </ClInclude>
    <ClInclude Include="..\public\CamRegistry.h">
      <Filter>05. Battle\99. CamRegistry</Filter>
    </ClInclude>
    <ClInclude Include="..\public\CamRegistryData.h">
      <Filter>05. Battle\99. CamRegistry</Filter>
    </ClInclude>
    <ClInclude Include="..\public\UIAnimData.h">
      <Filter>08. UI\03. UIAnimSystem</Filter>
    </ClInclude>
    <ClInclude Include="..\public\SystemRegistry.h">
      <Filter>01. Utility\00. SystemRegistrty</Filter>
    </ClInclude>
    <ClInclude Include="..\public\ISystem.h">
      <Filter>01. Utility\00. SystemRegistrty</Filter>
    </ClInclude>
    <ClInclude Include="..\public\EngineSystems.h">
      <Filter>01. Utility\00. SystemRegistrty</Filter>
    </ClInclude>
    <ClInclude Include="..\public\PlayerInputPresenter.h">
      <Filter>08. UI\15. PlayerInputPresenter</Filter>
    </ClInclude>
    <ClInclude Include="..\public\InputPresenterData.h">
      <Filter>08. UI\15. PlayerInputPresenter</Filter>
    </ClInclude>
    <ClInclude Include="..\public\BattleHUDPresenter.h">
      <Filter>08. UI\16. BattleHUDPresenter</Filter>
    </ClInclude>
    <ClInclude Include="..\public\BattleHUDPresenterData.h">
      <Filter>08. UI\16. BattleHUDPresenter</Filter>
    </ClInclude>
    <ClInclude Include="..\public\BattleTacticSystem.h">
      <Filter>05. Battle\10. BattleTacticSystem</Filter>
    </ClInclude>
    <ClInclude Include="..\public\BattleTacticData.h">
      <Filter>05. Battle\10. BattleTacticSystem</Filter>
    </ClInclude>
    <ClInclude Include="..\public\BattleFatalDrivePresenter.h">
      <Filter>08. UI\17. BattleFataiDrivePresenter</Filter>
    </ClInclude>
    <ClInclude Include="..\public\BattleFatalDriveData.h">
      <Filter>08. UI\17. BattleFataiDrivePresenter</Filter>
    </ClInclude>
    <ClInclude Include="..\public\BattleDamagePresenter.h">
      <Filter>08. UI\18. BattleDamagePresenter</Filter>
    </ClInclude>
    <ClInclude Include="..\public\BattleDamageData.h">
      <Filter>08. UI\18. BattleDamagePresenter</Filter>
    </ClInclude>
    <ClInclude Include="..\public\BattleAttributeSystem.h">
      <Filter>07. DataSystem\04. BattleAttributeSystem</Filter>
    </ClInclude>
    <ClInclude Include="..\public\BattleAttributeData.h">
      <Filter>07. DataSystem\04. BattleAttributeSystem</Filter>
    </ClInclude>
    <ClInclude Include="..\public\SoundSystem.h">
      <Filter>07. DataSystem\05. SoundSystem</Filter>
    </ClInclude>
    <ClInclude Include="..\public\SoundData.h">
      <Filter>07. DataSystem\05. SoundSystem</Filter>
    </ClInclude>
    <ClInclude Include="..\public\SoundRegistry.h">
      <Filter>07. DataSystem\06. SoundRegistry</Filter>
    </ClInclude>
    <ClInclude Include="..\public\CBufferBank.h">
      <Filter>02. Resources\04. CBuffer\00. CBufferBank</Filter>
    </ClInclude>
    <ClInclude Include="..\public\RendererData.h">
      <Filter>03. EntitySystem\99. RenderSystem\02. Renderer</Filter>
    </ClInclude>
    <ClInclude Include="..\public\DebugUtility.h">
      <Filter>98. Utility\06. DebugUtility</Filter>
    </ClInclude>
    <ClInclude Include="..\public\RingCBAllocator.h">
      <Filter>02. Resources\04. CBuffer\01. RingCBAllocator</Filter>
    </ClInclude>
    <ClInclude Include="..\public\StructuredBoneAllocator.h">
      <Filter>02. Resources\08. StructuredBuffer</Filter>
    </ClInclude>
    <ClInclude Include="..\public\LogoUIOrchestrator.h">
      <Filter>06. GameMode\06. LogoUIOrchestrator</Filter>
    </ClInclude>
    <ClInclude Include="..\public\IModeOrchestra.h">
      <Filter>06. GameMode</Filter>
    </ClInclude>
    <ClInclude Include="..\public\LogoOrchestraSystem.h">
      <Filter>06. GameMode\03. LogoOrchestraSystem</Filter>
    </ClInclude>
    <ClInclude Include="..\public\LogoMenuPresenter.h">
      <Filter>08. UI\19. LogoMenuPresenter</Filter>
    </ClInclude>
    <ClInclude Include="..\public\LogoMenuData.h">
      <Filter>08. UI\19. LogoMenuPresenter</Filter>
    </ClInclude>
    <ClInclude Include="..\public\EffectSystem.h">
      <Filter>09. Effect\98. EffectSystem</Filter>
    </ClInclude>
    <ClInclude Include="..\public\UIMinimapSystem.h">
      <Filter>08. UI\04. UIMinimapSystem</Filter>
    </ClInclude>
    <ClInclude Include="..\public\UIMinimapDatah.h">
      <Filter>08. UI\04. UIMinimapSystem</Filter>
    </ClInclude>
    <ClInclude Include="..\public\BattleMinimapPresenter.h">
      <Filter>08. UI\21. BattleMinimapPresenter</Filter>
    </ClInclude>
    <ClInclude Include="..\public\FieldMinimapPresenter.h">
      <Filter>08. UI\20. FieldMinimapPresenter</Filter>
    </ClInclude>
    <ClInclude Include="..\public\CorePch.h">
      <Filter>99. Etc\pch</Filter>
    </ClInclude>
    <ClInclude Include="..\public\FieldMinimapData.h">
      <Filter>08. UI\20. FieldMinimapPresenter</Filter>
    </ClInclude>
    <ClInclude Include="..\public\FontData.h">
      <Filter>07. DataSystem\07. FontSystem</Filter>
    </ClInclude>
    <ClInclude Include="..\public\FontSystem.h">
      <Filter>07. DataSystem\07. FontSystem</Filter>
    </ClInclude>
    <ClInclude Include="..\public\TextLayoutSystem.h">
      <Filter>07. DataSystem\08. TextLayoutSystem</Filter>
    </ClInclude>
    <ClInclude Include="..\public\TextLayoutData.h">
      <Filter>07. DataSystem\08. TextLayoutSystem</Filter>
    </ClInclude>
    <ClInclude Include="..\public\FontLoader.h">
      <Filter>07. DataSystem\09. FontLoader</Filter>
    </ClInclude>
    <ClInclude Include="..\public\WorldMapPresenter.h">
      <Filter>08. UI\22. WorldMapPresenter</Filter>
    </ClInclude>
    <ClInclude Include="..\public\ScreenFadeSystem.h">
      <Filter>08. UI\23. ScreenFadeSystem</Filter>
    </ClInclude>
    <ClInclude Include="..\public\WorldMapData.h">
      <Filter>08. UI\22. WorldMapPresenter</Filter>
    </ClInclude>
    <ClInclude Include="..\public\LoadingPresenter.h">
      <Filter>08. UI\24. LoadingPresenter</Filter>
    </ClInclude>
    <ClInclude Include="..\public\ScreenDistortionSystem.h">
      <Filter>08. UI\25. ScreenDistortionSystem</Filter>
    </ClInclude>
    <ClInclude Include="..\public\ScreenDistortionData.h">
      <Filter>08. UI\25. ScreenDistortionSystem</Filter>
    </ClInclude>
    <ClInclude Include="..\public\ParticleSystem.h">
      <Filter>09. Effect\00. ParticleSystem</Filter>
    </ClInclude>
    <ClInclude Include="..\public\ParticleData.h">
      <Filter>09. Effect\00. ParticleSystem</Filter>
    </ClInclude>
    <ClInclude Include="..\public\ParticleMesh.h">
      <Filter>09. Effect\01. ParticleMesh</Filter>
    </ClInclude>
    <ClInclude Include="..\public\ParticleMeshData.h">
      <Filter>09. Effect\01. ParticleMesh</Filter>
    </ClInclude>
    <ClInclude Include="..\public\EffectData.h">
      <Filter>09. Effect\98. EffectSystem</Filter>
    </ClInclude>
    <ClInclude Include="..\public\EffectSerializer.h">
      <Filter>01. Utility\05. EffectSerializer</Filter>
    </ClInclude>
    <ClInclude Include="..\public\EffectUtility.h">
      <Filter>98. Utility\07. EffectUtility</Filter>
    </ClInclude>
    <ClInclude Include="..\public\TrailSystem.h">
      <Filter>09. Effect\02. TrailSystem</Filter>
    </ClInclude>
    <ClInclude Include="..\public\TrailData.h">
      <Filter>09. Effect\02. TrailSystem</Filter>
    </ClInclude>
    <ClInclude Include="..\public\TrailMesh.h">
      <Filter>09. Effect\03. TrailMesh</Filter>
    </ClInclude>
    <ClInclude Include="..\public\RenderScene.h">
      <Filter>03. EntitySystem\99. RenderSystem\00. RenderData</Filter>
    </ClInclude>
    <ClInclude Include="..\public\TrailMeshData.h">
      <Filter>09. Effect\03. TrailMesh</Filter>
    </ClInclude>
    <ClInclude Include="..\public\ActionCamRegistry.h">
      <Filter>05. Battle\11. ActionCamRegistry</Filter>
    </ClInclude>
    <ClInclude Include="..\public\ActionCamData.h">
      <Filter>05. Battle\11. ActionCamRegistry</Filter>
    </ClInclude>
    <ClInclude Include="..\public\BattleTargetHUDPresenter.h">
      <Filter>08. UI\26. BattleTargetHUDPresenter</Filter>
    </ClInclude>
    <ClInclude Include="..\public\BattleTargetHUDData.h">
      <Filter>08. UI\26. BattleTargetHUDPresenter</Filter>
    </ClInclude>
    <ClInclude Include="..\public\BattleBoardPresenter.h">
      <Filter>08. UI\27. BattleBoardPresenter</Filter>
    </ClInclude>
    <ClInclude Include="..\public\BattleBoardData.h">
      <Filter>08. UI\27. BattleBoardPresenter</Filter>
    </ClInclude>
    <ClInclude Include="..\public\BattleExecutionSystem.h">
      <Filter>05. Battle\05. BattleExecutionSystem</Filter>
    </ClInclude>
    <ClInclude Include="..\public\DressingRoomPresenter.h">
      <Filter>08. UI\28. DressingRoomPresenter</Filter>
    </ClInclude>
    <ClInclude Include="..\public\DressingRoomData.h">
      <Filter>08. UI\28. DressingRoomPresenter</Filter>
    </ClInclude>
    <ClInclude Include="..\public\CamSerializer.h">
      <Filter>01. Utility\06. CamSerializer</Filter>
    </ClInclude>
    <ClInclude Include="..\public\CamBinaryData.h">
      <Filter>01. Utility\06. CamSerializer</Filter>
    </ClInclude>
    <ClInclude Include="..\public\ActionFxRegistry.h">
      <Filter>09. Effect\04. ActionFxRegistry</Filter>
    </ClInclude>
    <ClInclude Include="..\public\ActionFxData.h">
      <Filter>09. Effect\04. ActionFxRegistry</Filter>
    </ClInclude>
    <ClInclude Include="..\public\BattleRewardPresenter.h">
      <Filter>05. Battle\12. BattleRewardSystem</Filter>
    </ClInclude>
    <ClInclude Include="..\public\GameInstance.h">
      <Filter>00. Engine\00. GameInstance</Filter>
    </ClInclude>
    <ClInclude Include="..\public\Timer.h">
      <Filter>00. Engine\02. Timers\Timer</Filter>
    </ClInclude>
    <ClInclude Include="..\public\TimeMgr.h">
      <Filter>00. Engine\02. Timers\TimeMgr</Filter>
    </ClInclude>
    <ClInclude Include="..\public\InputMgr.h">
      <Filter>00. Engine\03. InputMgr</Filter>
    </ClInclude>
    <ClInclude Include="..\public\InputUtil.h">
      <Filter>00. Engine\03. InputMgr</Filter>
    </ClInclude>
    <ClInclude Include="..\public\imconfig.h">
      <Filter>00. Engine\04. ImGui\Imgui</Filter>
    </ClInclude>
    <ClInclude Include="..\public\imgui.h">
      <Filter>00. Engine\04. ImGui\Imgui</Filter>
    </ClInclude>
    <ClInclude Include="..\public\imgui_impl_dx11.h">
      <Filter>00. Engine\04. ImGui\Imgui</Filter>
    </ClInclude>
    <ClInclude Include="..\public\imgui_impl_win32.h">
      <Filter>00. Engine\04. ImGui\Imgui</Filter>
    </ClInclude>
    <ClInclude Include="..\public\imgui_internal.h">
      <Filter>00. Engine\04. ImGui\Imgui</Filter>
    </ClInclude>
    <ClInclude Include="..\public\imstb_rectpack.h">
      <Filter>00. Engine\04. ImGui\Imgui</Filter>
    </ClInclude>
    <ClInclude Include="..\public\imstb_textedit.h">
      <Filter>00. Engine\04. ImGui\Imgui</Filter>
    </ClInclude>
    <ClInclude Include="..\public\imstb_truetype.h">
      <Filter>00. Engine\04. ImGui\Imgui</Filter>
    </ClInclude>
    <ClInclude Include="..\public\GuiPanel.h">
      <Filter>00. Engine\04. ImGui\GuiPanel</Filter>
    </ClInclude>
    <ClInclude Include="..\public\HierachyPanel.h">
      <Filter>00. Engine\04. ImGui\HierachyPanel</Filter>
    </ClInclude>
    <ClInclude Include="..\public\InspectorPanel.h">
      <Filter>00. Engine\04. ImGui\InspectorPanel</Filter>
    </ClInclude>
    <ClInclude Include="..\public\FpsPanel.h">
      <Filter>00. Engine\04. ImGui\FpsPanel</Filter>
    </ClInclude>
    <ClInclude Include="..\public\GuiMgr.h">
      <Filter>00. Engine\04. ImGui\GuiMgr</Filter>
    </ClInclude>
    <ClInclude Include="..\public\ImGuiPrettyTheme.h">
      <Filter>00. Engine\04. ImGui\GuiMgr</Filter>
    </ClInclude>
    <ClInclude Include="..\public\Device.h">
      <Filter>00. Engine\01. Device</Filter>
    </ClInclude>
    <ClInclude Include="..\public\DeviceOptions.h">
      <Filter>00. Engine\01. Device</Filter>
    </ClInclude>
    <ClInclude Include="..\public\GBufferData.h">
      <Filter>00. Engine\05. RenderTargetSystem</Filter>
    </ClInclude>
    <ClInclude Include="..\public\RenderTargetSystem.h">
      <Filter>00. Engine\05. RenderTargetSystem</Filter>
    </ClInclude>
    <ClInclude Include="..\public\RenderTargetMinimap.h">
      <Filter>00. Engine\05. RenderTargetSystem\01, RenderTargetMinimap</Filter>
    </ClInclude>
    <ClInclude Include="..\public\RenderTargetMinimapData.h">
      <Filter>00. Engine\05. RenderTargetSystem\01, RenderTargetMinimap</Filter>
    </ClInclude>
  </ItemGroup>
  <ItemGroup>
    <ClCompile Include="..\private\Enginepch.cpp">
      <Filter>99. Etc\pch</Filter>
    </ClCompile>
    <ClCompile Include="..\private\Level.cpp">
      <Filter>01. Utility\00. Levels\Level</Filter>
    </ClCompile>
    <ClCompile Include="..\private\Renderer.cpp">
      <Filter>03. EntitySystem\99. RenderSystem\02. Renderer</Filter>
    </ClCompile>
    <ClCompile Include="..\private\Shader.cpp">
      <Filter>02. Resources\03. Shader</Filter>
    </ClCompile>
    <ClCompile Include="..\private\Material.cpp">
      <Filter>02. Resources\01. Material</Filter>
    </ClCompile>
    <ClCompile Include="..\private\Texture.cpp">
      <Filter>02. Resources\02. Texture</Filter>
    </ClCompile>
    <ClCompile Include="..\private\CBuffer.cpp">
      <Filter>02. Resources\04. CBuffer</Filter>
    </ClCompile>
    <ClCompile Include="..\private\LevelMgr.cpp">
      <Filter>01. Utility\00. Levels\LevelMgr</Filter>
    </ClCompile>
    <ClCompile Include="..\private\Mesh.cpp">
      <Filter>02. Resources\01. Mesh</Filter>
    </ClCompile>
    <ClCompile Include="..\private\Model.cpp">
      <Filter>02. Resources\05. Model</Filter>
    </ClCompile>
    <ClCompile Include="..\private\PathMgr.cpp">
      <Filter>02. Resources\97. PathMgr</Filter>
    </ClCompile>
    <ClCompile Include="..\private\Skeleton.cpp">
      <Filter>02. Resources\07. Skeleton</Filter>
    </ClCompile>
    <ClCompile Include="..\private\Bone.cpp">
      <Filter>02. Resources\06. Bone</Filter>
    </ClCompile>
    <ClCompile Include="..\private\TransformSystem.cpp">
      <Filter>03. EntitySystem\00. Transform\TransformSystem</Filter>
    </ClCompile>
    <ClCompile Include="..\private\AnimatorSystem.cpp">
      <Filter>03. EntitySystem\01. Animator\00. AnimatorSystem</Filter>
    </ClCompile>
    <ClCompile Include="..\private\MouthSystem.cpp">
      <Filter>03. EntitySystem\01. Animator\02. MouthSystem</Filter>
    </ClCompile>
    <ClCompile Include="..\private\FaceSystem.cpp">
      <Filter>03. EntitySystem\01. Animator\01. FaceSystem</Filter>
    </ClCompile>
    <ClCompile Include="..\private\SocketSystem.cpp">
      <Filter>03. EntitySystem\02. Socket</Filter>
    </ClCompile>
    <ClCompile Include="..\private\CameraSystem.cpp">
      <Filter>03. EntitySystem\03. Camera\00. CameraSystem</Filter>
    </ClCompile>
    <ClCompile Include="..\private\FreeCamSystem.cpp">
      <Filter>03. EntitySystem\03. Camera\01. FreeCamSystem</Filter>
    </ClCompile>
    <ClCompile Include="..\private\LightSystem.cpp">
      <Filter>03. EntitySystem\04. Light</Filter>
    </ClCompile>
    <ClCompile Include="..\private\ModelSystem.cpp">
      <Filter>03. EntitySystem\05. Model</Filter>
    </ClCompile>
    <ClCompile Include="..\private\LayerSystem.cpp">
      <Filter>03. EntitySystem\06. Layer</Filter>
    </ClCompile>
    <ClCompile Include="..\private\EntityMgr.cpp">
      <Filter>01. Utility\01. EntityMgr</Filter>
    </ClCompile>
    <ClCompile Include="..\private\EntitySpawner.cpp">
      <Filter>01. Utility\02. EntitySpawner</Filter>
    </ClCompile>
    <ClCompile Include="..\private\TagSystem.cpp">
      <Filter>01. Utility\03. TagSystem</Filter>
    </ClCompile>
    <ClCompile Include="..\private\AssetSystem.cpp">
      <Filter>07. DataSystem\00. Asset</Filter>
    </ClCompile>
    <ClCompile Include="..\private\InputLayoutBuilder.cpp">
      <Filter>01. Utility\98. InputLayout</Filter>
    </ClCompile>
    <ClCompile Include="..\private\GridSystem.cpp">
      <Filter>03. EntitySystem\07. Grid</Filter>
    </ClCompile>
    <ClCompile Include="..\private\PickingSystem.cpp">
      <Filter>03. EntitySystem\08. Picking</Filter>
    </ClCompile>
    <ClCompile Include="..\private\GuiUtility.cpp">
      <Filter>98. Utility\01. GuiUtility</Filter>
    </ClCompile>
    <ClCompile Include="..\private\Utility.cpp">
      <Filter>98. Utility\00. Utility</Filter>
    </ClCompile>
    <ClCompile Include="..\private\SelectionSystem.cpp">
      <Filter>03. EntitySystem\09. SelectionSystem</Filter>
    </ClCompile>
    <ClCompile Include="..\private\GpuUtil.cpp">
      <Filter>98. Utility\02. GpuUtil</Filter>
    </ClCompile>
    <ClCompile Include="..\private\RenderSystem.cpp">
      <Filter>03. EntitySystem\99. RenderSystem\01. RenderSystem</Filter>
    </ClCompile>
    <ClCompile Include="..\private\HighlightSystem.cpp">
      <Filter>03. EntitySystem\11. HighlightSystem</Filter>
    </ClCompile>
    <ClCompile Include="..\private\JsonUtil.cpp">
      <Filter>98. Utility\04. JsonUtil</Filter>
    </ClCompile>
    <ClCompile Include="..\private\BinaryUtil.cpp">
      <Filter>98. Utility\05. BinaryUtil</Filter>
    </ClCompile>
    <ClCompile Include="..\private\WorldSerializer.cpp">
      <Filter>01. Utility\04. WorldSerializer</Filter>
    </ClCompile>
    <ClCompile Include="..\private\FieldControllerSystem.cpp">
      <Filter>04. IntentPipeLine\08. FieldControllerSystem</Filter>
    </ClCompile>
    <ClCompile Include="..\private\MoveStateSystem.cpp">
      <Filter>04. IntentPipeLine\05. MovementSystem\00. MoveStateSystem</Filter>
    </ClCompile>
    <ClCompile Include="..\private\MoveProfileSystem.cpp">
      <Filter>04. IntentPipeLine\05. MovementSystem\01. MoveProfileSystem</Filter>
    </ClCompile>
    <ClCompile Include="..\private\MoveIntentSystem.cpp">
      <Filter>04. IntentPipeLine\05. MovementSystem\02. MoveIntentSystem</Filter>
    </ClCompile>
    <ClCompile Include="..\private\InputGate.cpp">
      <Filter>04. IntentPipeLine\01. InputGate</Filter>
    </ClCompile>
    <ClCompile Include="..\private\IntentCollector.cpp">
      <Filter>04. IntentPipeLine\02. IntentCollector</Filter>
    </ClCompile>
    <ClCompile Include="..\private\IntentMerger.cpp">
      <Filter>04. IntentPipeLine\03. IntentMerger</Filter>
    </ClCompile>
    <ClCompile Include="..\private\InputService.cpp">
      <Filter>04. IntentPipeLine\00. InputService</Filter>
    </ClCompile>
    <ClCompile Include="..\private\CollisionSystem.cpp">
      <Filter>03. EntitySystem\10. CollisionSystem\00. CollisionSystem</Filter>
    </ClCompile>
    <ClCompile Include="..\private\MeshColliderSystem.cpp">
      <Filter>03. EntitySystem\10. CollisionSystem\01. MeshColliderSystem</Filter>
    </ClCompile>
    <ClCompile Include="..\private\SkyboxSystem.cpp">
      <Filter>03. EntitySystem\14. SkyboxSystem</Filter>
    </ClCompile>
    <ClCompile Include="..\private\NavMeshSystem.cpp">
      <Filter>03. EntitySystem\15. NavMeshSystem</Filter>
    </ClCompile>
    <ClCompile Include="..\private\FieldAnimSystem.cpp">
      <Filter>04. IntentPipeLine\06. FieldAnimSystem</Filter>
    </ClCompile>
    <ClCompile Include="..\private\OrbitCamSystem.cpp">
      <Filter>03. EntitySystem\03. Camera\02. OribitCamSystem</Filter>
    </ClCompile>
    <ClCompile Include="..\private\BattleControllerSystem.cpp">
      <Filter>05. Battle\02. BattleControllerSystem</Filter>
    </ClCompile>
    <ClCompile Include="..\private\AnimDataSystem.cpp">
      <Filter>07. DataSystem\02. AnimDataSystem</Filter>
    </ClCompile>
    <ClCompile Include="..\private\BattleIntroSystem.cpp">
      <Filter>05. Battle\01. BattleIntroSystem</Filter>
    </ClCompile>
    <ClCompile Include="..\private\JumpSystem.cpp">
      <Filter>04. IntentPipeLine\05. MovementSystem\03. JumpSystem</Filter>
    </ClCompile>
    <ClCompile Include="..\private\FacingSystem.cpp">
      <Filter>04. IntentPipeLine\07. FacingSystem\00. FacingSystem</Filter>
    </ClCompile>
    <ClCompile Include="..\private\FacingBlockService.cpp">
      <Filter>04. IntentPipeLine\07. FacingSystem\01. FacingBlockService</Filter>
    </ClCompile>
    <ClCompile Include="..\private\FacingForceService.cpp">
      <Filter>04. IntentPipeLine\07. FacingSystem\02. FacingForceSystem</Filter>
    </ClCompile>
    <ClCompile Include="..\private\BattleSessionSystem.cpp">
      <Filter>05. Battle\03. BattleSessionSystem</Filter>
    </ClCompile>
    <ClCompile Include="..\private\BattleTimelineSystem.cpp">
      <Filter>05. Battle\04. BattleTimelineSystem</Filter>
    </ClCompile>
    <ClCompile Include="..\private\ActionAnimRegistry.cpp">
      <Filter>07. DataSystem\03. ActionAnimRegistry</Filter>
    </ClCompile>
    <ClCompile Include="..\private\BattleOrchestraSystem.cpp">
      <Filter>06. GameMode\02. BattleOrchestraSystem</Filter>
    </ClCompile>
    <ClCompile Include="..\private\FieldOrchestraSystem.cpp">
      <Filter>06. GameMode\01. FieldOrchestraSystem</Filter>
    </ClCompile>
    <ClCompile Include="..\private\GameModeDirectorSystem.cpp">
      <Filter>06. GameMode\00. GameModeDirectorSystem</Filter>
    </ClCompile>
    <ClCompile Include="..\private\CharacterDataSystem.cpp">
      <Filter>07. DataSystem\01. CharacterDataSystem</Filter>
    </ClCompile>
    <ClCompile Include="..\private\BattleEventBus.cpp">
      <Filter>05. Battle\00. BattleEventBus</Filter>
    </ClCompile>
    <ClCompile Include="..\private\UISystem.cpp">
      <Filter>08. UI\00. UISystem</Filter>
    </ClCompile>
    <ClCompile Include="..\private\UIMesh.cpp">
      <Filter>08. UI\01. UIMesh</Filter>
    </ClCompile>
    <ClCompile Include="..\private\UIRegistry.cpp">
      <Filter>08. UI\02. UIRegistry</Filter>
    </ClCompile>
    <ClCompile Include="..\private\BattleUIOrchestrator.cpp">
      <Filter>06. GameMode\05. BattleUIOrchestrator</Filter>
    </ClCompile>
    <ClCompile Include="..\private\FieldUIOrchestrator.cpp">
      <Filter>06. GameMode\04. FieldUIOrchestrator</Filter>
    </ClCompile>
    <ClCompile Include="..\private\UIAnimSystem.cpp">
      <Filter>08. UI\03. UIAnimSystem</Filter>
    </ClCompile>
    <ClCompile Include="..\private\BattleTimelinePresenter.cpp">
      <Filter>08. UI\14. BattleTimelinePresenter</Filter>
    </ClCompile>
    <ClCompile Include="..\private\BattleAIControllerSystem.cpp">
      <Filter>05. Battle\06. BattleAIController</Filter>
    </ClCompile>
    <ClCompile Include="..\private\BattleTargetSystem.cpp">
      <Filter>05. Battle\07. BattleTargetSystem</Filter>
    </ClCompile>
    <ClCompile Include="..\private\BattleFormationSystem.cpp">
      <Filter>05. Battle\08. BattleFormationSystem</Filter>
    </ClCompile>
    <ClCompile Include="..\private\BattleCameraDirector.cpp">
      <Filter>05. Battle\09. BattleCameraDirector</Filter>
    </ClCompile>
    <ClCompile Include="..\private\CamRegistry.cpp">
      <Filter>05. Battle\99. CamRegistry</Filter>
    </ClCompile>
    <ClCompile Include="..\private\SystemRegistry.cpp">
      <Filter>01. Utility\00. SystemRegistrty</Filter>
    </ClCompile>
    <ClCompile Include="..\private\PlayerInputPresenter.cpp">
      <Filter>08. UI\15. PlayerInputPresenter</Filter>
    </ClCompile>
    <ClCompile Include="..\private\BattleHUDPresenter.cpp">
      <Filter>08. UI\16. BattleHUDPresenter</Filter>
    </ClCompile>
    <ClCompile Include="..\private\BattleTacticSystem.cpp">
      <Filter>05. Battle\10. BattleTacticSystem</Filter>
    </ClCompile>
    <ClCompile Include="..\private\BattleFatalDrivePresenter.cpp">
      <Filter>08. UI\17. BattleFataiDrivePresenter</Filter>
    </ClCompile>
    <ClCompile Include="..\private\BattleDamagePresenter.cpp">
      <Filter>08. UI\18. BattleDamagePresenter</Filter>
    </ClCompile>
    <ClCompile Include="..\private\BattleAttributeSystem.cpp">
      <Filter>07. DataSystem\04. BattleAttributeSystem</Filter>
    </ClCompile>
    <ClCompile Include="..\private\SoundSystem.cpp">
      <Filter>07. DataSystem\05. SoundSystem</Filter>
    </ClCompile>
    <ClCompile Include="..\private\SoundRegistry.cpp">
      <Filter>07. DataSystem\06. SoundRegistry</Filter>
    </ClCompile>
    <ClCompile Include="..\private\CBufferBank.cpp">
      <Filter>02. Resources\04. CBuffer\00. CBufferBank</Filter>
    </ClCompile>
    <ClCompile Include="..\private\DebugUtility.cpp">
      <Filter>98. Utility\06. DebugUtility</Filter>
    </ClCompile>
    <ClCompile Include="..\private\RingCBAllocator.cpp">
      <Filter>02. Resources\04. CBuffer\01. RingCBAllocator</Filter>
    </ClCompile>
    <ClCompile Include="..\private\StructuredBoneAllocator.cpp">
      <Filter>02. Resources\08. StructuredBuffer</Filter>
    </ClCompile>
    <ClCompile Include="..\private\LogoUIOrchestrator.cpp">
      <Filter>06. GameMode\06. LogoUIOrchestrator</Filter>
    </ClCompile>
    <ClCompile Include="..\private\LogoOrchestraSystem.cpp">
      <Filter>06. GameMode\03. LogoOrchestraSystem</Filter>
    </ClCompile>
    <ClCompile Include="..\private\LogoMenuPresenter.cpp">
      <Filter>08. UI\19. LogoMenuPresenter</Filter>
    </ClCompile>
    <ClCompile Include="..\private\EffectSystem.cpp">
      <Filter>09. Effect\98. EffectSystem</Filter>
    </ClCompile>
    <ClCompile Include="..\private\UIMinimapSystem.cpp">
      <Filter>08. UI\04. UIMinimapSystem</Filter>
    </ClCompile>
    <ClCompile Include="..\private\BattleMinimapPresenter.cpp">
      <Filter>08. UI\21. BattleMinimapPresenter</Filter>
    </ClCompile>
    <ClCompile Include="..\private\FieldMinimapPresenter.cpp">
      <Filter>08. UI\20. FieldMinimapPresenter</Filter>
    </ClCompile>
    <ClCompile Include="..\private\FontSystem.cpp">
      <Filter>07. DataSystem\07. FontSystem</Filter>
    </ClCompile>
    <ClCompile Include="..\private\TextLayoutSystem.cpp">
      <Filter>07. DataSystem\08. TextLayoutSystem</Filter>
    </ClCompile>
    <ClCompile Include="..\private\FontLoader.cpp">
      <Filter>07. DataSystem\09. FontLoader</Filter>
    </ClCompile>
    <ClCompile Include="..\private\WorldMapPresenter.cpp">
      <Filter>08. UI\22. WorldMapPresenter</Filter>
    </ClCompile>
    <ClCompile Include="..\private\ScreenFadeSystem.cpp">
      <Filter>08. UI\23. ScreenFadeSystem</Filter>
    </ClCompile>
    <ClCompile Include="..\private\LoadingPresenter.cpp">
      <Filter>08. UI\24. LoadingPresenter</Filter>
    </ClCompile>
    <ClCompile Include="..\private\ScreenDistortionSystem.cpp">
      <Filter>08. UI\25. ScreenDistortionSystem</Filter>
    </ClCompile>
    <ClCompile Include="..\private\ParticleSystem.cpp">
      <Filter>09. Effect\00. ParticleSystem</Filter>
    </ClCompile>
    <ClCompile Include="..\private\ParticleMesh.cpp">
      <Filter>09. Effect\01. ParticleMesh</Filter>
    </ClCompile>
    <ClCompile Include="..\private\EffectSerializer.cpp">
      <Filter>01. Utility\05. EffectSerializer</Filter>
    </ClCompile>
    <ClCompile Include="..\private\EffectUtility.cpp">
      <Filter>98. Utility\07. EffectUtility</Filter>
    </ClCompile>
    <ClCompile Include="..\private\TrailSystem.cpp">
      <Filter>09. Effect\02. TrailSystem</Filter>
    </ClCompile>
    <ClCompile Include="..\private\TrailMesh.cpp">
      <Filter>09. Effect\03. TrailMesh</Filter>
    </ClCompile>
    <ClCompile Include="..\private\ActionCamRegistry.cpp">
      <Filter>05. Battle\11. ActionCamRegistry</Filter>
    </ClCompile>
    <ClCompile Include="..\private\BattleTargetHUDPresenter.cpp">
      <Filter>08. UI\26. BattleTargetHUDPresenter</Filter>
    </ClCompile>
    <ClCompile Include="..\private\BattleBoardPresenter.cpp">
      <Filter>08. UI\27. BattleBoardPresenter</Filter>
    </ClCompile>
    <ClCompile Include="..\private\DressingRoomPresenter.cpp">
      <Filter>08. UI\28. DressingRoomPresenter</Filter>
    </ClCompile>
    <ClCompile Include="..\private\BattleExecutionSystem.cpp">
      <Filter>05. Battle\05. BattleExecutionSystem</Filter>
    </ClCompile>
    <ClCompile Include="..\private\CamSerializer.cpp">
      <Filter>01. Utility\06. CamSerializer</Filter>
    </ClCompile>
    <ClCompile Include="..\private\ActionFxRegistry.cpp">
      <Filter>09. Effect\04. ActionFxRegistry</Filter>
    </ClCompile>
    <ClCompile Include="..\private\BattleRewardPresenter.cpp">
      <Filter>05. Battle\12. BattleRewardSystem</Filter>
    </ClCompile>
    <ClCompile Include="..\private\GameInstance.cpp">
      <Filter>00. Engine\00. GameInstance</Filter>
    </ClCompile>
    <ClCompile Include="..\private\Timer.cpp">
      <Filter>00. Engine\02. Timers\Timer</Filter>
    </ClCompile>
    <ClCompile Include="..\private\TimeMgr.cpp">
      <Filter>00. Engine\02. Timers\TimeMgr</Filter>
    </ClCompile>
    <ClCompile Include="..\private\InputMgr.cpp">
      <Filter>00. Engine\03. InputMgr</Filter>
    </ClCompile>
    <ClCompile Include="..\private\imgui.cpp">
      <Filter>00. Engine\04. ImGui\Imgui</Filter>
    </ClCompile>
    <ClCompile Include="..\private\ImGuizmo.cpp">
      <Filter>00. Engine\04. ImGui\Imgui</Filter>
    </ClCompile>
    <ClCompile Include="..\private\imgui_demo.cpp">
      <Filter>00. Engine\04. ImGui\Imgui</Filter>
    </ClCompile>
    <ClCompile Include="..\private\imgui_draw.cpp">
      <Filter>00. Engine\04. ImGui\Imgui</Filter>
    </ClCompile>
    <ClCompile Include="..\private\imgui_impl_dx11.cpp">
      <Filter>00. Engine\04. ImGui\Imgui</Filter>
    </ClCompile>
    <ClCompile Include="..\private\imgui_impl_win32.cpp">
      <Filter>00. Engine\04. ImGui\Imgui</Filter>
    </ClCompile>
    <ClCompile Include="..\private\imgui_tables.cpp">
      <Filter>00. Engine\04. ImGui\Imgui</Filter>
    </ClCompile>
    <ClCompile Include="..\private\imgui_widgets.cpp">
      <Filter>00. Engine\04. ImGui\Imgui</Filter>
    </ClCompile>
    <ClCompile Include="..\private\GuiPanel.cpp">
      <Filter>00. Engine\04. ImGui\GuiPanel</Filter>
    </ClCompile>
    <ClCompile Include="..\private\HierachyPanel.cpp">
      <Filter>00. Engine\04. ImGui\HierachyPanel</Filter>
    </ClCompile>
    <ClCompile Include="..\private\InspectorPanel.cpp">
      <Filter>00. Engine\04. ImGui\InspectorPanel</Filter>
    </ClCompile>
    <ClCompile Include="..\private\FpsPanel.cpp">
      <Filter>00. Engine\04. ImGui\FpsPanel</Filter>
    </ClCompile>
    <ClCompile Include="..\private\GuiMgr.cpp">
      <Filter>00. Engine\04. ImGui\GuiMgr</Filter>
    </ClCompile>
    <ClCompile Include="..\private\Device.cpp">
      <Filter>00. Engine\01. Device</Filter>
    </ClCompile>
    <ClCompile Include="..\private\RenderTargetSystem.cpp">
      <Filter>00. Engine\05. RenderTargetSystem</Filter>
    </ClCompile>
    <ClCompile Include="..\private\RenderTargetMinimap.cpp">
      <Filter>00. Engine\05. RenderTargetSystem\01, RenderTargetMinimap</Filter>
    </ClCompile>
  </ItemGroup>
  <ItemGroup>
    <ResourceCompile Include="Engine.rc" />
  </ItemGroup>
  <ItemGroup>
    <FxCompile Include="..\bin\ShaderFiles\PNUTan_VS.hlsl">
      <Filter>100.ShaderFiles\00. VS</Filter>
    </FxCompile>
    <FxCompile Include="..\bin\ShaderFiles\PNUTanSkin_VS.hlsl">
      <Filter>100.ShaderFiles\00. VS</Filter>
    </FxCompile>
    <FxCompile Include="..\bin\ShaderFiles\PC_VS.hlsl">
      <Filter>100.ShaderFiles\00. VS</Filter>
    </FxCompile>
    <FxCompile Include="..\bin\ShaderFiles\PUV_VS.hlsl">
      <Filter>100.ShaderFiles\00. VS</Filter>
    </FxCompile>
    <FxCompile Include="..\bin\ShaderFiles\PNU_VS.hlsl">
      <Filter>100.ShaderFiles\00. VS</Filter>
    </FxCompile>
    <FxCompile Include="..\bin\ShaderFiles\PC_PS.hlsl">
      <Filter>100.ShaderFiles\03. PS</Filter>
    </FxCompile>
    <FxCompile Include="..\bin\ShaderFiles\PNU_PS.hlsl">
      <Filter>100.ShaderFiles\03. PS</Filter>
    </FxCompile>
    <FxCompile Include="..\bin\ShaderFiles\PNUTan_PS.hlsl">
      <Filter>100.ShaderFiles\03. PS</Filter>
    </FxCompile>
    <FxCompile Include="..\bin\ShaderFiles\PNUTanSkin_PS.hlsl">
      <Filter>100.ShaderFiles\03. PS</Filter>
    </FxCompile>
    <FxCompile Include="..\bin\ShaderFiles\PUV_PS.hlsl">
      <Filter>100.ShaderFiles\03. PS</Filter>
    </FxCompile>
    <FxCompile Include="..\bin\ShaderFiles\Skybox_VS.hlsl">
      <Filter>100.ShaderFiles\00. VS</Filter>
    </FxCompile>
    <FxCompile Include="..\bin\ShaderFiles\Skybox_PS.hlsl">
      <Filter>100.ShaderFiles\03. PS</Filter>
    </FxCompile>
    <FxCompile Include="..\bin\ShaderFiles\PNUTanSkin_VS_TS.hlsl">
      <Filter>100.ShaderFiles\00. VS</Filter>
    </FxCompile>
    <FxCompile Include="..\bin\ShaderFiles\PNUTanSkin_HS.hlsl">
      <Filter>100.ShaderFiles\01. HS</Filter>
    </FxCompile>
    <FxCompile Include="..\bin\ShaderFiles\PNUTanSkin_DS.hlsl">
      <Filter>100.ShaderFiles\02. DS</Filter>
    </FxCompile>
    <FxCompile Include="..\bin\ShaderFiles\PUC_VS_UI.hlsl">
      <Filter>100.ShaderFiles\00. VS</Filter>
    </FxCompile>
    <FxCompile Include="..\bin\ShaderFiles\PUC_PS_UI.hlsl">
      <Filter>100.ShaderFiles\03. PS</Filter>
    </FxCompile>
    <FxCompile Include="..\bin\ShaderFiles\Deferred_Directional_VS.hlsl">
      <Filter>100.ShaderFiles\99. GBuffer\00. Deferred_Directional</Filter>
    </FxCompile>
    <FxCompile Include="..\bin\ShaderFiles\Deferred_Directional_PS.hlsl">
      <Filter>100.ShaderFiles\99. GBuffer\00. Deferred_Directional</Filter>
    </FxCompile>
    <FxCompile Include="..\bin\ShaderFiles\Deferred_Composite_PS.hlsl">
      <Filter>100.ShaderFiles\99. GBuffer\01. Deferred_Composite</Filter>
    </FxCompile>
    <FxCompile Include="..\bin\ShaderFiles\Deferred_Composite_VS.hlsl">
      <Filter>100.ShaderFiles\99. GBuffer\01. Deferred_Composite</Filter>
    </FxCompile>
    <FxCompile Include="..\bin\ShaderFiles\Debug_VS.hlsl">
      <Filter>100.ShaderFiles\00. VS</Filter>
    </FxCompile>
    <FxCompile Include="..\bin\ShaderFiles\Debug_PS.hlsl">
      <Filter>100.ShaderFiles\03. PS</Filter>
    </FxCompile>
    <FxCompile Include="..\bin\ShaderFiles\Minimap_PS.hlsl">
      <Filter>100.ShaderFiles\03. PS</Filter>
    </FxCompile>
    <FxCompile Include="..\bin\ShaderFiles\Distortion_PS.hlsl">
      <Filter>100.ShaderFiles\99. GBuffer\02. Distortion</Filter>
    </FxCompile>
    <FxCompile Include="..\bin\ShaderFiles\Particle_VS.hlsl">
      <Filter>100.ShaderFiles\00. VS</Filter>
    </FxCompile>
    <FxCompile Include="..\bin\ShaderFiles\Particle_PS.hlsl">
      <Filter>100.ShaderFiles\03. PS</Filter>
    </FxCompile>
    <FxCompile Include="..\bin\ShaderFiles\Trail_VS.hlsl">
      <Filter>100.ShaderFiles\00. VS</Filter>
    </FxCompile>
    <FxCompile Include="..\bin\ShaderFiles\Trail_PS.hlsl">
      <Filter>100.ShaderFiles\03. PS</Filter>
    </FxCompile>
    <FxCompile Include="..\bin\ShaderFiles\Dressing_PS.hlsl">
      <Filter>100.ShaderFiles\03. PS</Filter>
    </FxCompile>
  </ItemGroup>
  <ItemGroup>
    <Text Include="..\bin\ShaderFiles\Common.hlsli">
      <Filter>100.ShaderFiles</Filter>
    </Text>
  </ItemGroup>
</Project>